
Microsoft Visual Studio Solution File, Format Version 12.00
# Visual Studio 15
VisualStudioVersion = 15.0.28307.1022
MinimumVisualStudioVersion = 10.0.40219.1
Project("{FAE04EC0-301F-11D3-BF4B-00C04F79EFBC}") = "406. Queue Reconstruction by Height", "406. Queue Reconstruction by Height\406. Queue Reconstruction by Height.csproj", "{DD9C72DF-5B5F-4767-8894-44AE7FFCE783}"
EndProject
Global
	GlobalSection(SolutionConfigurationPlatforms) = preSolution
		Debug|Any CPU = Debug|Any CPU
		Release|Any CPU = Release|Any CPU
	EndGlobalSection
	GlobalSection(ProjectConfigurationPlatforms) = postSolution
		{DD9C72DF-5B5F-4767-8894-44AE7FFCE783}.Debug|Any CPU.ActiveCfg = Debug|Any CPU
		{DD9C72DF-5B5F-4767-8894-44AE7FFCE783}.Debug|Any CPU.Build.0 = Debug|Any CPU
		{DD9C72DF-5B5F-4767-8894-44AE7FFCE783}.Release|Any CPU.ActiveCfg = Release|Any CPU
		{DD9C72DF-5B5F-4767-8894-44AE7FFCE783}.Release|Any CPU.Build.0 = Release|Any CPU
	EndGlobalSection
	GlobalSection(SolutionProperties) = preSolution
		HideSolutionNode = FALSE
	EndGlobalSection
	GlobalSection(ExtensibilityGlobals) = postSolution
		SolutionGuid = {2A79AC73-5516-4E77-AD91-4D87C864C99C}
	EndGlobalSection
EndGlobal
