
Microsoft Visual Studio Solution File, Format Version 12.00
# Visual Studio 15
VisualStudioVersion = 15.0.28307.1022
MinimumVisualStudioVersion = 10.0.40219.1
Project("{FAE04EC0-301F-11D3-BF4B-00C04F79EFBC}") = "746. Min Cost Climbing Stairs", "746. Min Cost Climbing Stairs\746. Min Cost Climbing Stairs.csproj", "{744EB1C0-C7AB-46DD-A9B1-5C0F7D05967E}"
EndProject
Global
	GlobalSection(SolutionConfigurationPlatforms) = preSolution
		Debug|Any CPU = Debug|Any CPU
		Release|Any CPU = Release|Any CPU
	EndGlobalSection
	GlobalSection(ProjectConfigurationPlatforms) = postSolution
		{744EB1C0-C7AB-46DD-A9B1-5C0F7D05967E}.Debug|Any CPU.ActiveCfg = Debug|Any CPU
		{744EB1C0-C7AB-46DD-A9B1-5C0F7D05967E}.Debug|Any CPU.Build.0 = Debug|Any CPU
		{744EB1C0-C7AB-46DD-A9B1-5C0F7D05967E}.Release|Any CPU.ActiveCfg = Release|Any CPU
		{744EB1C0-C7AB-46DD-A9B1-5C0F7D05967E}.Release|Any CPU.Build.0 = Release|Any CPU
	EndGlobalSection
	GlobalSection(SolutionProperties) = preSolution
		HideSolutionNode = FALSE
	EndGlobalSection
	GlobalSection(ExtensibilityGlobals) = postSolution
		SolutionGuid = {8A396BFC-39A0-4D6C-B8F8-E6C3BB95D318}
	EndGlobalSection
EndGlobal
