
Microsoft Visual Studio Solution File, Format Version 12.00
# Visual Studio 15
VisualStudioVersion = 15.0.28307.1022
MinimumVisualStudioVersion = 10.0.40219.1
Project("{FAE04EC0-301F-11D3-BF4B-00C04F79EFBC}") = "448. Find All Numbers Disappeared in an Array", "448. Find All Numbers Disappeared in an Array\448. Find All Numbers Disappeared in an Array.csproj", "{72DC6A22-509E-40C6-9746-0C1BFD433941}"
EndProject
Global
	GlobalSection(SolutionConfigurationPlatforms) = preSolution
		Debug|Any CPU = Debug|Any CPU
		Release|Any CPU = Release|Any CPU
	EndGlobalSection
	GlobalSection(ProjectConfigurationPlatforms) = postSolution
		{72DC6A22-509E-40C6-9746-0C1BFD433941}.Debug|Any CPU.ActiveCfg = Debug|Any CPU
		{72DC6A22-509E-40C6-9746-0C1BFD433941}.Debug|Any CPU.Build.0 = Debug|Any CPU
		{72DC6A22-509E-40C6-9746-0C1BFD433941}.Release|Any CPU.ActiveCfg = Release|Any CPU
		{72DC6A22-509E-40C6-9746-0C1BFD433941}.Release|Any CPU.Build.0 = Release|Any CPU
	EndGlobalSection
	GlobalSection(SolutionProperties) = preSolution
		HideSolutionNode = FALSE
	EndGlobalSection
	GlobalSection(ExtensibilityGlobals) = postSolution
		SolutionGuid = {744BBA0E-86B4-487A-9320-EBF081158942}
	EndGlobalSection
EndGlobal
