
Microsoft Visual Studio Solution File, Format Version 12.00
# Visual Studio 15
VisualStudioVersion = 15.0.28307.902
MinimumVisualStudioVersion = 10.0.40219.1
Project("{FAE04EC0-301F-11D3-BF4B-00C04F79EFBC}") = "Insert into a Binary Search Tree", "Insert into a Binary Search Tree\Insert into a Binary Search Tree.csproj", "{A7A59135-D5DD-49AC-8299-DFDDCC30901E}"
EndProject
Global
	GlobalSection(SolutionConfigurationPlatforms) = preSolution
		Debug|Any CPU = Debug|Any CPU
		Release|Any CPU = Release|Any CPU
	EndGlobalSection
	GlobalSection(ProjectConfigurationPlatforms) = postSolution
		{A7A59135-D5DD-49AC-8299-DFDDCC30901E}.Debug|Any CPU.ActiveCfg = Debug|Any CPU
		{A7A59135-D5DD-49AC-8299-DFDDCC30901E}.Debug|Any CPU.Build.0 = Debug|Any CPU
		{A7A59135-D5DD-49AC-8299-DFDDCC30901E}.Release|Any CPU.ActiveCfg = Release|Any CPU
		{A7A59135-D5DD-49AC-8299-DFDDCC30901E}.Release|Any CPU.Build.0 = Release|Any CPU
	EndGlobalSection
	GlobalSection(SolutionProperties) = preSolution
		HideSolutionNode = FALSE
	EndGlobalSection
	GlobalSection(ExtensibilityGlobals) = postSolution
		SolutionGuid = {B5BE1FD6-11E1-44EF-A8CE-ADAD90491E01}
	EndGlobalSection
EndGlobal
