
Microsoft Visual Studio Solution File, Format Version 12.00
# Visual Studio 15
VisualStudioVersion = 15.0.28307.1022
MinimumVisualStudioVersion = 10.0.40219.1
Project("{FAE04EC0-301F-11D3-BF4B-00C04F79EFBC}") = "Middle of the Linked List", "Middle of the Linked List\Middle of the Linked List.csproj", "{4A8CF2A9-214A-4C81-8DE6-A59A6E1F7324}"
EndProject
Global
	GlobalSection(SolutionConfigurationPlatforms) = preSolution
		Debug|Any CPU = Debug|Any CPU
		Release|Any CPU = Release|Any CPU
	EndGlobalSection
	GlobalSection(ProjectConfigurationPlatforms) = postSolution
		{4A8CF2A9-214A-4C81-8DE6-A59A6E1F7324}.Debug|Any CPU.ActiveCfg = Debug|Any CPU
		{4A8CF2A9-214A-4C81-8DE6-A59A6E1F7324}.Debug|Any CPU.Build.0 = Debug|Any CPU
		{4A8CF2A9-214A-4C81-8DE6-A59A6E1F7324}.Release|Any CPU.ActiveCfg = Release|Any CPU
		{4A8CF2A9-214A-4C81-8DE6-A59A6E1F7324}.Release|Any CPU.Build.0 = Release|Any CPU
	EndGlobalSection
	GlobalSection(SolutionProperties) = preSolution
		HideSolutionNode = FALSE
	EndGlobalSection
	GlobalSection(ExtensibilityGlobals) = postSolution
		SolutionGuid = {6039CEEE-D50E-4904-96ED-3DF6F29AB678}
	EndGlobalSection
EndGlobal
