
Microsoft Visual Studio Solution File, Format Version 12.00
# Visual Studio 15
VisualStudioVersion = 15.0.28307.1022
MinimumVisualStudioVersion = 10.0.40219.1
Project("{FAE04EC0-301F-11D3-BF4B-00C04F79EFBC}") = "285. Inorder Successor in BST", "285. Inorder Successor in BST\285. Inorder Successor in BST.csproj", "{28FCA577-19E3-4F2D-9C39-453D4C331CB7}"
EndProject
Global
	GlobalSection(SolutionConfigurationPlatforms) = preSolution
		Debug|Any CPU = Debug|Any CPU
		Release|Any CPU = Release|Any CPU
	EndGlobalSection
	GlobalSection(ProjectConfigurationPlatforms) = postSolution
		{28FCA577-19E3-4F2D-9C39-453D4C331CB7}.Debug|Any CPU.ActiveCfg = Debug|Any CPU
		{28FCA577-19E3-4F2D-9C39-453D4C331CB7}.Debug|Any CPU.Build.0 = Debug|Any CPU
		{28FCA577-19E3-4F2D-9C39-453D4C331CB7}.Release|Any CPU.ActiveCfg = Release|Any CPU
		{28FCA577-19E3-4F2D-9C39-453D4C331CB7}.Release|Any CPU.Build.0 = Release|Any CPU
	EndGlobalSection
	GlobalSection(SolutionProperties) = preSolution
		HideSolutionNode = FALSE
	EndGlobalSection
	GlobalSection(ExtensibilityGlobals) = postSolution
		SolutionGuid = {E1928B1F-4A98-4E32-886F-E4646E41682C}
	EndGlobalSection
EndGlobal
