
Microsoft Visual Studio Solution File, Format Version 12.00
# Visual Studio 15
VisualStudioVersion = 15.0.28307.1022
MinimumVisualStudioVersion = 10.0.40219.1
Project("{FAE04EC0-301F-11D3-BF4B-00C04F79EFBC}") = "83. Remove Duplicates from Sorted List", "83. Remove Duplicates from Sorted List\83. Remove Duplicates from Sorted List.csproj", "{3FFAB427-091F-4FD6-8721-CC468BC6AA24}"
EndProject
Global
	GlobalSection(SolutionConfigurationPlatforms) = preSolution
		Debug|Any CPU = Debug|Any CPU
		Release|Any CPU = Release|Any CPU
	EndGlobalSection
	GlobalSection(ProjectConfigurationPlatforms) = postSolution
		{3FFAB427-091F-4FD6-8721-CC468BC6AA24}.Debug|Any CPU.ActiveCfg = Debug|Any CPU
		{3FFAB427-091F-4FD6-8721-CC468BC6AA24}.Debug|Any CPU.Build.0 = Debug|Any CPU
		{3FFAB427-091F-4FD6-8721-CC468BC6AA24}.Release|Any CPU.ActiveCfg = Release|Any CPU
		{3FFAB427-091F-4FD6-8721-CC468BC6AA24}.Release|Any CPU.Build.0 = Release|Any CPU
	EndGlobalSection
	GlobalSection(SolutionProperties) = preSolution
		HideSolutionNode = FALSE
	EndGlobalSection
	GlobalSection(ExtensibilityGlobals) = postSolution
		SolutionGuid = {14281B54-9E71-4FB8-9229-26523792325A}
	EndGlobalSection
EndGlobal
