
Microsoft Visual Studio Solution File, Format Version 12.00
# Visual Studio 15
VisualStudioVersion = 15.0.28307.902
MinimumVisualStudioVersion = 10.0.40219.1
Project("{FAE04EC0-301F-11D3-BF4B-00C04F79EFBC}") = "Symmetric Tree", "Symmetric Tree\Symmetric Tree.csproj", "{A75D59F2-1BF6-44BC-B40C-40C0A8E238E6}"
EndProject
Global
	GlobalSection(SolutionConfigurationPlatforms) = preSolution
		Debug|Any CPU = Debug|Any CPU
		Release|Any CPU = Release|Any CPU
	EndGlobalSection
	GlobalSection(ProjectConfigurationPlatforms) = postSolution
		{A75D59F2-1BF6-44BC-B40C-40C0A8E238E6}.Debug|Any CPU.ActiveCfg = Debug|Any CPU
		{A75D59F2-1BF6-44BC-B40C-40C0A8E238E6}.Debug|Any CPU.Build.0 = Debug|Any CPU
		{A75D59F2-1BF6-44BC-B40C-40C0A8E238E6}.Release|Any CPU.ActiveCfg = Release|Any CPU
		{A75D59F2-1BF6-44BC-B40C-40C0A8E238E6}.Release|Any CPU.Build.0 = Release|Any CPU
	EndGlobalSection
	GlobalSection(SolutionProperties) = preSolution
		HideSolutionNode = FALSE
	EndGlobalSection
	GlobalSection(ExtensibilityGlobals) = postSolution
		SolutionGuid = {C6781A52-29EF-4244-9335-7C37C3CFADE1}
	EndGlobalSection
EndGlobal
