
Microsoft Visual Studio Solution File, Format Version 12.00
# Visual Studio 15
VisualStudioVersion = 15.0.28307.1022
MinimumVisualStudioVersion = 10.0.40219.1
Project("{FAE04EC0-301F-11D3-BF4B-00C04F79EFBC}") = "912. Sort an Array", "912. Sort an Array\912. Sort an Array.csproj", "{477A58CF-788B-4D36-9A1C-CAB303D255F7}"
EndProject
Global
	GlobalSection(SolutionConfigurationPlatforms) = preSolution
		Debug|Any CPU = Debug|Any CPU
		Release|Any CPU = Release|Any CPU
	EndGlobalSection
	GlobalSection(ProjectConfigurationPlatforms) = postSolution
		{477A58CF-788B-4D36-9A1C-CAB303D255F7}.Debug|Any CPU.ActiveCfg = Debug|Any CPU
		{477A58CF-788B-4D36-9A1C-CAB303D255F7}.Debug|Any CPU.Build.0 = Debug|Any CPU
		{477A58CF-788B-4D36-9A1C-CAB303D255F7}.Release|Any CPU.ActiveCfg = Release|Any CPU
		{477A58CF-788B-4D36-9A1C-CAB303D255F7}.Release|Any CPU.Build.0 = Release|Any CPU
	EndGlobalSection
	GlobalSection(SolutionProperties) = preSolution
		HideSolutionNode = FALSE
	EndGlobalSection
	GlobalSection(ExtensibilityGlobals) = postSolution
		SolutionGuid = {4FEDED0D-19D0-4315-835F-6844DB99155A}
	EndGlobalSection
EndGlobal
