
Microsoft Visual Studio Solution File, Format Version 12.00
# Visual Studio 15
VisualStudioVersion = 15.0.28307.1022
MinimumVisualStudioVersion = 10.0.40219.1
Project("{FAE04EC0-301F-11D3-BF4B-00C04F79EFBC}") = "953. Verifying an Alien Dictionary", "953. Verifying an Alien Dictionary\953. Verifying an Alien Dictionary.csproj", "{30561518-B182-4293-A2CE-4CF91DA4DE88}"
EndProject
Global
	GlobalSection(SolutionConfigurationPlatforms) = preSolution
		Debug|Any CPU = Debug|Any CPU
		Release|Any CPU = Release|Any CPU
	EndGlobalSection
	GlobalSection(ProjectConfigurationPlatforms) = postSolution
		{30561518-B182-4293-A2CE-4CF91DA4DE88}.Debug|Any CPU.ActiveCfg = Debug|Any CPU
		{30561518-B182-4293-A2CE-4CF91DA4DE88}.Debug|Any CPU.Build.0 = Debug|Any CPU
		{30561518-B182-4293-A2CE-4CF91DA4DE88}.Release|Any CPU.ActiveCfg = Release|Any CPU
		{30561518-B182-4293-A2CE-4CF91DA4DE88}.Release|Any CPU.Build.0 = Release|Any CPU
	EndGlobalSection
	GlobalSection(SolutionProperties) = preSolution
		HideSolutionNode = FALSE
	EndGlobalSection
	GlobalSection(ExtensibilityGlobals) = postSolution
		SolutionGuid = {9A660EE6-2BF3-43A4-806D-F9FAA19544EA}
	EndGlobalSection
EndGlobal
