
Microsoft Visual Studio Solution File, Format Version 12.00
# Visual Studio 15
VisualStudioVersion = 15.0.28307.1022
MinimumVisualStudioVersion = 10.0.40219.1
Project("{FAE04EC0-301F-11D3-BF4B-00C04F79EFBC}") = "1480. Running Sum of 1d Array", "1480. Running Sum of 1d Array\1480. Running Sum of 1d Array.csproj", "{B7EBFD36-1D22-4E7E-8C6E-2ABB2DEB3868}"
EndProject
Global
	GlobalSection(SolutionConfigurationPlatforms) = preSolution
		Debug|Any CPU = Debug|Any CPU
		Release|Any CPU = Release|Any CPU
	EndGlobalSection
	GlobalSection(ProjectConfigurationPlatforms) = postSolution
		{B7EBFD36-1D22-4E7E-8C6E-2ABB2DEB3868}.Debug|Any CPU.ActiveCfg = Debug|Any CPU
		{B7EBFD36-1D22-4E7E-8C6E-2ABB2DEB3868}.Debug|Any CPU.Build.0 = Debug|Any CPU
		{B7EBFD36-1D22-4E7E-8C6E-2ABB2DEB3868}.Release|Any CPU.ActiveCfg = Release|Any CPU
		{B7EBFD36-1D22-4E7E-8C6E-2ABB2DEB3868}.Release|Any CPU.Build.0 = Release|Any CPU
	EndGlobalSection
	GlobalSection(SolutionProperties) = preSolution
		HideSolutionNode = FALSE
	EndGlobalSection
	GlobalSection(ExtensibilityGlobals) = postSolution
		SolutionGuid = {F5F24C68-0A6E-4F0D-AB61-B19AD06C9336}
	EndGlobalSection
EndGlobal
