
Microsoft Visual Studio Solution File, Format Version 12.00
# Visual Studio 15
VisualStudioVersion = 15.0.28307.1022
MinimumVisualStudioVersion = 10.0.40219.1
Project("{FAE04EC0-301F-11D3-BF4B-00C04F79EFBC}") = "1089. Duplicate Zeros", "1089. Duplicate Zeros\1089. Duplicate Zeros.csproj", "{8721F0A0-C9BF-46A6-8938-DA353D2933BF}"
EndProject
Global
	GlobalSection(SolutionConfigurationPlatforms) = preSolution
		Debug|Any CPU = Debug|Any CPU
		Release|Any CPU = Release|Any CPU
	EndGlobalSection
	GlobalSection(ProjectConfigurationPlatforms) = postSolution
		{8721F0A0-C9BF-46A6-8938-DA353D2933BF}.Debug|Any CPU.ActiveCfg = Debug|Any CPU
		{8721F0A0-C9BF-46A6-8938-DA353D2933BF}.Debug|Any CPU.Build.0 = Debug|Any CPU
		{8721F0A0-C9BF-46A6-8938-DA353D2933BF}.Release|Any CPU.ActiveCfg = Release|Any CPU
		{8721F0A0-C9BF-46A6-8938-DA353D2933BF}.Release|Any CPU.Build.0 = Release|Any CPU
	EndGlobalSection
	GlobalSection(SolutionProperties) = preSolution
		HideSolutionNode = FALSE
	EndGlobalSection
	GlobalSection(ExtensibilityGlobals) = postSolution
		SolutionGuid = {5A9E60BB-1AEC-4C27-AF5E-086AF464B7DF}
	EndGlobalSection
EndGlobal
