
Microsoft Visual Studio Solution File, Format Version 12.00
# Visual Studio 15
VisualStudioVersion = 15.0.28307.1022
MinimumVisualStudioVersion = 10.0.40219.1
Project("{FAE04EC0-301F-11D3-BF4B-00C04F79EFBC}") = "198. House Robber", "198. House Robber\198. House Robber.csproj", "{F89FAFE7-176C-47F2-9F8E-5361C7E81D1A}"
EndProject
Global
	GlobalSection(SolutionConfigurationPlatforms) = preSolution
		Debug|Any CPU = Debug|Any CPU
		Release|Any CPU = Release|Any CPU
	EndGlobalSection
	GlobalSection(ProjectConfigurationPlatforms) = postSolution
		{F89FAFE7-176C-47F2-9F8E-5361C7E81D1A}.Debug|Any CPU.ActiveCfg = Debug|Any CPU
		{F89FAFE7-176C-47F2-9F8E-5361C7E81D1A}.Debug|Any CPU.Build.0 = Debug|Any CPU
		{F89FAFE7-176C-47F2-9F8E-5361C7E81D1A}.Release|Any CPU.ActiveCfg = Release|Any CPU
		{F89FAFE7-176C-47F2-9F8E-5361C7E81D1A}.Release|Any CPU.Build.0 = Release|Any CPU
	EndGlobalSection
	GlobalSection(SolutionProperties) = preSolution
		HideSolutionNode = FALSE
	EndGlobalSection
	GlobalSection(ExtensibilityGlobals) = postSolution
		SolutionGuid = {5A9C016D-D477-4E72-819F-6D8F3E188D11}
	EndGlobalSection
EndGlobal
