
Microsoft Visual Studio Solution File, Format Version 12.00
# Visual Studio 15
VisualStudioVersion = 15.0.28307.1022
MinimumVisualStudioVersion = 10.0.40219.1
Project("{FAE04EC0-301F-11D3-BF4B-00C04F79EFBC}") = "1342. Number of Steps to Reduce a Number to Zero", "1342. Number of Steps to Reduce a Number to Zero\1342. Number of Steps to Reduce a Number to Zero.csproj", "{BE4C56C5-40B0-43FB-934C-D21C33DA57A2}"
EndProject
Global
	GlobalSection(SolutionConfigurationPlatforms) = preSolution
		Debug|Any CPU = Debug|Any CPU
		Release|Any CPU = Release|Any CPU
	EndGlobalSection
	GlobalSection(ProjectConfigurationPlatforms) = postSolution
		{BE4C56C5-40B0-43FB-934C-D21C33DA57A2}.Debug|Any CPU.ActiveCfg = Debug|Any CPU
		{BE4C56C5-40B0-43FB-934C-D21C33DA57A2}.Debug|Any CPU.Build.0 = Debug|Any CPU
		{BE4C56C5-40B0-43FB-934C-D21C33DA57A2}.Release|Any CPU.ActiveCfg = Release|Any CPU
		{BE4C56C5-40B0-43FB-934C-D21C33DA57A2}.Release|Any CPU.Build.0 = Release|Any CPU
	EndGlobalSection
	GlobalSection(SolutionProperties) = preSolution
		HideSolutionNode = FALSE
	EndGlobalSection
	GlobalSection(ExtensibilityGlobals) = postSolution
		SolutionGuid = {E5E7C1F9-1399-404C-A075-51A796099422}
	EndGlobalSection
EndGlobal
