
Microsoft Visual Studio Solution File, Format Version 12.00
# Visual Studio 15
VisualStudioVersion = 15.0.28307.1022
MinimumVisualStudioVersion = 10.0.40219.1
Project("{FAE04EC0-301F-11D3-BF4B-00C04F79EFBC}") = "965. Univalued Binary Tree", "965. Univalued Binary Tree\965. Univalued Binary Tree.csproj", "{30AAA40B-6AE4-429A-B32D-BC9EC05746A2}"
EndProject
Global
	GlobalSection(SolutionConfigurationPlatforms) = preSolution
		Debug|Any CPU = Debug|Any CPU
		Release|Any CPU = Release|Any CPU
	EndGlobalSection
	GlobalSection(ProjectConfigurationPlatforms) = postSolution
		{30AAA40B-6AE4-429A-B32D-BC9EC05746A2}.Debug|Any CPU.ActiveCfg = Debug|Any CPU
		{30AAA40B-6AE4-429A-B32D-BC9EC05746A2}.Debug|Any CPU.Build.0 = Debug|Any CPU
		{30AAA40B-6AE4-429A-B32D-BC9EC05746A2}.Release|Any CPU.ActiveCfg = Release|Any CPU
		{30AAA40B-6AE4-429A-B32D-BC9EC05746A2}.Release|Any CPU.Build.0 = Release|Any CPU
	EndGlobalSection
	GlobalSection(SolutionProperties) = preSolution
		HideSolutionNode = FALSE
	EndGlobalSection
	GlobalSection(ExtensibilityGlobals) = postSolution
		SolutionGuid = {C269BE06-3A4D-45F9-8D94-46111B5A4027}
	EndGlobalSection
EndGlobal
