
Microsoft Visual Studio Solution File, Format Version 12.00
# Visual Studio 15
VisualStudioVersion = 15.0.28307.1022
MinimumVisualStudioVersion = 10.0.40219.1
Project("{FAE04EC0-301F-11D3-BF4B-00C04F79EFBC}") = "179. Largest Number", "179. Largest Number\179. Largest Number.csproj", "{091889D6-E2BB-41B5-B505-8F214A28714B}"
EndProject
Global
	GlobalSection(SolutionConfigurationPlatforms) = preSolution
		Debug|Any CPU = Debug|Any CPU
		Release|Any CPU = Release|Any CPU
	EndGlobalSection
	GlobalSection(ProjectConfigurationPlatforms) = postSolution
		{091889D6-E2BB-41B5-B505-8F214A28714B}.Debug|Any CPU.ActiveCfg = Debug|Any CPU
		{091889D6-E2BB-41B5-B505-8F214A28714B}.Debug|Any CPU.Build.0 = Debug|Any CPU
		{091889D6-E2BB-41B5-B505-8F214A28714B}.Release|Any CPU.ActiveCfg = Release|Any CPU
		{091889D6-E2BB-41B5-B505-8F214A28714B}.Release|Any CPU.Build.0 = Release|Any CPU
	EndGlobalSection
	GlobalSection(SolutionProperties) = preSolution
		HideSolutionNode = FALSE
	EndGlobalSection
	GlobalSection(ExtensibilityGlobals) = postSolution
		SolutionGuid = {F9C73CB0-6CBB-4712-AB4C-723CF5453EB8}
	EndGlobalSection
EndGlobal
