
Microsoft Visual Studio Solution File, Format Version 12.00
# Visual Studio 15
VisualStudioVersion = 15.0.28307.1022
MinimumVisualStudioVersion = 10.0.40219.1
Project("{FAE04EC0-301F-11D3-BF4B-00C04F79EFBC}") = "252. Meeting Rooms", "252. Meeting Rooms\252. Meeting Rooms.csproj", "{244A48B9-6A98-4FB2-AF06-D0487B1180A1}"
EndProject
Global
	GlobalSection(SolutionConfigurationPlatforms) = preSolution
		Debug|Any CPU = Debug|Any CPU
		Release|Any CPU = Release|Any CPU
	EndGlobalSection
	GlobalSection(ProjectConfigurationPlatforms) = postSolution
		{244A48B9-6A98-4FB2-AF06-D0487B1180A1}.Debug|Any CPU.ActiveCfg = Debug|Any CPU
		{244A48B9-6A98-4FB2-AF06-D0487B1180A1}.Debug|Any CPU.Build.0 = Debug|Any CPU
		{244A48B9-6A98-4FB2-AF06-D0487B1180A1}.Release|Any CPU.ActiveCfg = Release|Any CPU
		{244A48B9-6A98-4FB2-AF06-D0487B1180A1}.Release|Any CPU.Build.0 = Release|Any CPU
	EndGlobalSection
	GlobalSection(SolutionProperties) = preSolution
		HideSolutionNode = FALSE
	EndGlobalSection
	GlobalSection(ExtensibilityGlobals) = postSolution
		SolutionGuid = {9927C5E9-DA94-48E3-B80A-7FD66D531083}
	EndGlobalSection
EndGlobal
