
Microsoft Visual Studio Solution File, Format Version 12.00
# Visual Studio 15
VisualStudioVersion = 15.0.28307.1022
MinimumVisualStudioVersion = 10.0.40219.1
Project("{FAE04EC0-301F-11D3-BF4B-00C04F79EFBC}") = "532. K-diff Pairs in an Array", "532. K-diff Pairs in an Array\532. K-diff Pairs in an Array.csproj", "{B6EB1FEE-EC1C-4300-B561-5BD6EA583FF4}"
EndProject
Global
	GlobalSection(SolutionConfigurationPlatforms) = preSolution
		Debug|Any CPU = Debug|Any CPU
		Release|Any CPU = Release|Any CPU
	EndGlobalSection
	GlobalSection(ProjectConfigurationPlatforms) = postSolution
		{B6EB1FEE-EC1C-4300-B561-5BD6EA583FF4}.Debug|Any CPU.ActiveCfg = Debug|Any CPU
		{B6EB1FEE-EC1C-4300-B561-5BD6EA583FF4}.Debug|Any CPU.Build.0 = Debug|Any CPU
		{B6EB1FEE-EC1C-4300-B561-5BD6EA583FF4}.Release|Any CPU.ActiveCfg = Release|Any CPU
		{B6EB1FEE-EC1C-4300-B561-5BD6EA583FF4}.Release|Any CPU.Build.0 = Release|Any CPU
	EndGlobalSection
	GlobalSection(SolutionProperties) = preSolution
		HideSolutionNode = FALSE
	EndGlobalSection
	GlobalSection(ExtensibilityGlobals) = postSolution
		SolutionGuid = {DC034E86-D46C-483A-8D39-68A4506B63A6}
	EndGlobalSection
EndGlobal
