
Microsoft Visual Studio Solution File, Format Version 12.00
# Visual Studio 15
VisualStudioVersion = 15.0.28307.902
MinimumVisualStudioVersion = 10.0.40219.1
Project("{FAE04EC0-301F-11D3-BF4B-00C04F79EFBC}") = "Binary Tree from Preorder and Inorder Traversal", "Binary Tree from Preorder and Inorder Traversal\Binary Tree from Preorder and Inorder Traversal.csproj", "{D0076103-18E3-4B1E-85E2-A81F53E20A30}"
EndProject
Global
	GlobalSection(SolutionConfigurationPlatforms) = preSolution
		Debug|Any CPU = Debug|Any CPU
		Release|Any CPU = Release|Any CPU
	EndGlobalSection
	GlobalSection(ProjectConfigurationPlatforms) = postSolution
		{D0076103-18E3-4B1E-85E2-A81F53E20A30}.Debug|Any CPU.ActiveCfg = Debug|Any CPU
		{D0076103-18E3-4B1E-85E2-A81F53E20A30}.Debug|Any CPU.Build.0 = Debug|Any CPU
		{D0076103-18E3-4B1E-85E2-A81F53E20A30}.Release|Any CPU.ActiveCfg = Release|Any CPU
		{D0076103-18E3-4B1E-85E2-A81F53E20A30}.Release|Any CPU.Build.0 = Release|Any CPU
	EndGlobalSection
	GlobalSection(SolutionProperties) = preSolution
		HideSolutionNode = FALSE
	EndGlobalSection
	GlobalSection(ExtensibilityGlobals) = postSolution
		SolutionGuid = {F30DA546-DE87-4E8E-BDB2-23DD19F23B96}
	EndGlobalSection
EndGlobal
