
Microsoft Visual Studio Solution File, Format Version 12.00
# Visual Studio 15
VisualStudioVersion = 15.0.28307.1022
MinimumVisualStudioVersion = 10.0.40219.1
Project("{FAE04EC0-301F-11D3-BF4B-00C04F79EFBC}") = "232. Implement Queue using Stacks", "232. Implement Queue using Stacks\232. Implement Queue using Stacks.csproj", "{1CCC13AC-4B4C-4083-A1A4-80A25B5AC6BB}"
EndProject
Global
	GlobalSection(SolutionConfigurationPlatforms) = preSolution
		Debug|Any CPU = Debug|Any CPU
		Release|Any CPU = Release|Any CPU
	EndGlobalSection
	GlobalSection(ProjectConfigurationPlatforms) = postSolution
		{1CCC13AC-4B4C-4083-A1A4-80A25B5AC6BB}.Debug|Any CPU.ActiveCfg = Debug|Any CPU
		{1CCC13AC-4B4C-4083-A1A4-80A25B5AC6BB}.Debug|Any CPU.Build.0 = Debug|Any CPU
		{1CCC13AC-4B4C-4083-A1A4-80A25B5AC6BB}.Release|Any CPU.ActiveCfg = Release|Any CPU
		{1CCC13AC-4B4C-4083-A1A4-80A25B5AC6BB}.Release|Any CPU.Build.0 = Release|Any CPU
	EndGlobalSection
	GlobalSection(SolutionProperties) = preSolution
		HideSolutionNode = FALSE
	EndGlobalSection
	GlobalSection(ExtensibilityGlobals) = postSolution
		SolutionGuid = {8EF6A49D-6DD4-4685-9790-4B4D056DB9A6}
	EndGlobalSection
EndGlobal
