
Microsoft Visual Studio Solution File, Format Version 12.00
# Visual Studio 15
VisualStudioVersion = 15.0.28307.1022
MinimumVisualStudioVersion = 10.0.40219.1
Project("{FAE04EC0-301F-11D3-BF4B-00C04F79EFBC}") = "617. Merge Two Binary Trees", "617. Merge Two Binary Trees\617. Merge Two Binary Trees.csproj", "{407B1232-7113-4463-A957-B16FE9A53F13}"
EndProject
Global
	GlobalSection(SolutionConfigurationPlatforms) = preSolution
		Debug|Any CPU = Debug|Any CPU
		Release|Any CPU = Release|Any CPU
	EndGlobalSection
	GlobalSection(ProjectConfigurationPlatforms) = postSolution
		{407B1232-7113-4463-A957-B16FE9A53F13}.Debug|Any CPU.ActiveCfg = Debug|Any CPU
		{407B1232-7113-4463-A957-B16FE9A53F13}.Debug|Any CPU.Build.0 = Debug|Any CPU
		{407B1232-7113-4463-A957-B16FE9A53F13}.Release|Any CPU.ActiveCfg = Release|Any CPU
		{407B1232-7113-4463-A957-B16FE9A53F13}.Release|Any CPU.Build.0 = Release|Any CPU
	EndGlobalSection
	GlobalSection(SolutionProperties) = preSolution
		HideSolutionNode = FALSE
	EndGlobalSection
	GlobalSection(ExtensibilityGlobals) = postSolution
		SolutionGuid = {F27C9BFE-53EA-497F-8095-3CC9D28AA908}
	EndGlobalSection
EndGlobal
