
Microsoft Visual Studio Solution File, Format Version 12.00
# Visual Studio 15
VisualStudioVersion = 15.0.28307.1022
MinimumVisualStudioVersion = 10.0.40219.1
Project("{FAE04EC0-301F-11D3-BF4B-00C04F79EFBC}") = "1441. Build an Array With Stack Operations", "1441. Build an Array With Stack Operations\1441. Build an Array With Stack Operations.csproj", "{62C88608-40D4-4B4E-AA1A-BD9ACB7CB2EF}"
EndProject
Global
	GlobalSection(SolutionConfigurationPlatforms) = preSolution
		Debug|Any CPU = Debug|Any CPU
		Release|Any CPU = Release|Any CPU
	EndGlobalSection
	GlobalSection(ProjectConfigurationPlatforms) = postSolution
		{62C88608-40D4-4B4E-AA1A-BD9ACB7CB2EF}.Debug|Any CPU.ActiveCfg = Debug|Any CPU
		{62C88608-40D4-4B4E-AA1A-BD9ACB7CB2EF}.Debug|Any CPU.Build.0 = Debug|Any CPU
		{62C88608-40D4-4B4E-AA1A-BD9ACB7CB2EF}.Release|Any CPU.ActiveCfg = Release|Any CPU
		{62C88608-40D4-4B4E-AA1A-BD9ACB7CB2EF}.Release|Any CPU.Build.0 = Release|Any CPU
	EndGlobalSection
	GlobalSection(SolutionProperties) = preSolution
		HideSolutionNode = FALSE
	EndGlobalSection
	GlobalSection(ExtensibilityGlobals) = postSolution
		SolutionGuid = {26A60AB3-CE27-492F-9F35-CA2250BCFA6B}
	EndGlobalSection
EndGlobal
