
Microsoft Visual Studio Solution File, Format Version 12.00
# Visual Studio 15
VisualStudioVersion = 15.0.28307.757
MinimumVisualStudioVersion = 10.0.40219.1
Project("{FAE04EC0-301F-11D3-BF4B-00C04F79EFBC}") = "Move Zeroes", "Move Zeroes\Move Zeroes.csproj", "{309F00DF-67E2-44C1-80BE-950B87EADDA9}"
EndProject
Global
	GlobalSection(SolutionConfigurationPlatforms) = preSolution
		Debug|Any CPU = Debug|Any CPU
		Release|Any CPU = Release|Any CPU
	EndGlobalSection
	GlobalSection(ProjectConfigurationPlatforms) = postSolution
		{309F00DF-67E2-44C1-80BE-950B87EADDA9}.Debug|Any CPU.ActiveCfg = Debug|Any CPU
		{309F00DF-67E2-44C1-80BE-950B87EADDA9}.Debug|Any CPU.Build.0 = Debug|Any CPU
		{309F00DF-67E2-44C1-80BE-950B87EADDA9}.Release|Any CPU.ActiveCfg = Release|Any CPU
		{309F00DF-67E2-44C1-80BE-950B87EADDA9}.Release|Any CPU.Build.0 = Release|Any CPU
	EndGlobalSection
	GlobalSection(SolutionProperties) = preSolution
		HideSolutionNode = FALSE
	EndGlobalSection
	GlobalSection(ExtensibilityGlobals) = postSolution
		SolutionGuid = {767096ED-6F8F-4A95-9ADF-C7DB5A49E79A}
	EndGlobalSection
EndGlobal
