
Microsoft Visual Studio Solution File, Format Version 12.00
# Visual Studio 15
VisualStudioVersion = 15.0.28307.1022
MinimumVisualStudioVersion = 10.0.40219.1
Project("{FAE04EC0-301F-11D3-BF4B-00C04F79EFBC}") = "513. Find Bottom Left Tree Value", "513. Find Bottom Left Tree Value\513. Find Bottom Left Tree Value.csproj", "{23F90206-C249-4A4E-A094-541E87F5E69B}"
EndProject
Global
	GlobalSection(SolutionConfigurationPlatforms) = preSolution
		Debug|Any CPU = Debug|Any CPU
		Release|Any CPU = Release|Any CPU
	EndGlobalSection
	GlobalSection(ProjectConfigurationPlatforms) = postSolution
		{23F90206-C249-4A4E-A094-541E87F5E69B}.Debug|Any CPU.ActiveCfg = Debug|Any CPU
		{23F90206-C249-4A4E-A094-541E87F5E69B}.Debug|Any CPU.Build.0 = Debug|Any CPU
		{23F90206-C249-4A4E-A094-541E87F5E69B}.Release|Any CPU.ActiveCfg = Release|Any CPU
		{23F90206-C249-4A4E-A094-541E87F5E69B}.Release|Any CPU.Build.0 = Release|Any CPU
	EndGlobalSection
	GlobalSection(SolutionProperties) = preSolution
		HideSolutionNode = FALSE
	EndGlobalSection
	GlobalSection(ExtensibilityGlobals) = postSolution
		SolutionGuid = {8AE3B3FB-5A69-4764-A8A4-1D6DEFB8E641}
	EndGlobalSection
EndGlobal
