
Microsoft Visual Studio Solution File, Format Version 12.00
# Visual Studio 15
VisualStudioVersion = 15.0.28307.1022
MinimumVisualStudioVersion = 10.0.40219.1
Project("{FAE04EC0-301F-11D3-BF4B-00C04F79EFBC}") = "729. My Calendar I", "729. My Calendar I\729. My Calendar I.csproj", "{C3F4BE8B-08B9-41AE-A45D-89330372F3F2}"
EndProject
Global
	GlobalSection(SolutionConfigurationPlatforms) = preSolution
		Debug|Any CPU = Debug|Any CPU
		Release|Any CPU = Release|Any CPU
	EndGlobalSection
	GlobalSection(ProjectConfigurationPlatforms) = postSolution
		{C3F4BE8B-08B9-41AE-A45D-89330372F3F2}.Debug|Any CPU.ActiveCfg = Debug|Any CPU
		{C3F4BE8B-08B9-41AE-A45D-89330372F3F2}.Debug|Any CPU.Build.0 = Debug|Any CPU
		{C3F4BE8B-08B9-41AE-A45D-89330372F3F2}.Release|Any CPU.ActiveCfg = Release|Any CPU
		{C3F4BE8B-08B9-41AE-A45D-89330372F3F2}.Release|Any CPU.Build.0 = Release|Any CPU
	EndGlobalSection
	GlobalSection(SolutionProperties) = preSolution
		HideSolutionNode = FALSE
	EndGlobalSection
	GlobalSection(ExtensibilityGlobals) = postSolution
		SolutionGuid = {43D07A28-20CD-410B-A0F4-114C309D85A6}
	EndGlobalSection
EndGlobal
