
Microsoft Visual Studio Solution File, Format Version 12.00
# Visual Studio 15
VisualStudioVersion = 15.0.28307.1022
MinimumVisualStudioVersion = 10.0.40219.1
Project("{FAE04EC0-301F-11D3-BF4B-00C04F79EFBC}") = "92. Reverse Linked List II", "92. Reverse Linked List II\92. Reverse Linked List II.csproj", "{D567EC36-412C-4E16-A4A9-A944A316E473}"
EndProject
Global
	GlobalSection(SolutionConfigurationPlatforms) = preSolution
		Debug|Any CPU = Debug|Any CPU
		Release|Any CPU = Release|Any CPU
	EndGlobalSection
	GlobalSection(ProjectConfigurationPlatforms) = postSolution
		{D567EC36-412C-4E16-A4A9-A944A316E473}.Debug|Any CPU.ActiveCfg = Debug|Any CPU
		{D567EC36-412C-4E16-A4A9-A944A316E473}.Debug|Any CPU.Build.0 = Debug|Any CPU
		{D567EC36-412C-4E16-A4A9-A944A316E473}.Release|Any CPU.ActiveCfg = Release|Any CPU
		{D567EC36-412C-4E16-A4A9-A944A316E473}.Release|Any CPU.Build.0 = Release|Any CPU
	EndGlobalSection
	GlobalSection(SolutionProperties) = preSolution
		HideSolutionNode = FALSE
	EndGlobalSection
	GlobalSection(ExtensibilityGlobals) = postSolution
		SolutionGuid = {EBFEEE95-8A5D-4A14-AAD7-42F24F4150C0}
	EndGlobalSection
EndGlobal
