
Microsoft Visual Studio Solution File, Format Version 12.00
# Visual Studio 15
VisualStudioVersion = 15.0.28307.1022
MinimumVisualStudioVersion = 10.0.40219.1
Project("{FAE04EC0-301F-11D3-BF4B-00C04F79EFBC}") = "211. Add and Search Word - Data structure design", "211. Add and Search Word - Data structure design\211. Add and Search Word - Data structure design.csproj", "{AF3C33B9-D767-433C-A949-1E121A0428FD}"
EndProject
Global
	GlobalSection(SolutionConfigurationPlatforms) = preSolution
		Debug|Any CPU = Debug|Any CPU
		Release|Any CPU = Release|Any CPU
	EndGlobalSection
	GlobalSection(ProjectConfigurationPlatforms) = postSolution
		{AF3C33B9-D767-433C-A949-1E121A0428FD}.Debug|Any CPU.ActiveCfg = Debug|Any CPU
		{AF3C33B9-D767-433C-A949-1E121A0428FD}.Debug|Any CPU.Build.0 = Debug|Any CPU
		{AF3C33B9-D767-433C-A949-1E121A0428FD}.Release|Any CPU.ActiveCfg = Release|Any CPU
		{AF3C33B9-D767-433C-A949-1E121A0428FD}.Release|Any CPU.Build.0 = Release|Any CPU
	EndGlobalSection
	GlobalSection(SolutionProperties) = preSolution
		HideSolutionNode = FALSE
	EndGlobalSection
	GlobalSection(ExtensibilityGlobals) = postSolution
		SolutionGuid = {E2A09945-8039-4F42-B3A0-D4D660E68608}
	EndGlobalSection
EndGlobal
