
Microsoft Visual Studio Solution File, Format Version 12.00
# Visual Studio 15
VisualStudioVersion = 15.0.28307.1022
MinimumVisualStudioVersion = 10.0.40219.1
Project("{FAE04EC0-301F-11D3-BF4B-00C04F79EFBC}") = "24. Swap Nodes in Pairs", "24. Swap Nodes in Pairs\24. Swap Nodes in Pairs.csproj", "{163C8322-0221-42E2-9CD8-CDA19A5CAE4F}"
EndProject
Global
	GlobalSection(SolutionConfigurationPlatforms) = preSolution
		Debug|Any CPU = Debug|Any CPU
		Release|Any CPU = Release|Any CPU
	EndGlobalSection
	GlobalSection(ProjectConfigurationPlatforms) = postSolution
		{163C8322-0221-42E2-9CD8-CDA19A5CAE4F}.Debug|Any CPU.ActiveCfg = Debug|Any CPU
		{163C8322-0221-42E2-9CD8-CDA19A5CAE4F}.Debug|Any CPU.Build.0 = Debug|Any CPU
		{163C8322-0221-42E2-9CD8-CDA19A5CAE4F}.Release|Any CPU.ActiveCfg = Release|Any CPU
		{163C8322-0221-42E2-9CD8-CDA19A5CAE4F}.Release|Any CPU.Build.0 = Release|Any CPU
	EndGlobalSection
	GlobalSection(SolutionProperties) = preSolution
		HideSolutionNode = FALSE
	EndGlobalSection
	GlobalSection(ExtensibilityGlobals) = postSolution
		SolutionGuid = {AE2F0B48-56F7-404C-B511-193B515553D7}
	EndGlobalSection
EndGlobal
