
Microsoft Visual Studio Solution File, Format Version 12.00
# Visual Studio 15
VisualStudioVersion = 15.0.28307.757
MinimumVisualStudioVersion = 10.0.40219.1
Project("{FAE04EC0-301F-11D3-BF4B-00C04F79EFBC}") = "Intersection of Two Arrays II", "Intersection of Two Arrays II\Intersection of Two Arrays II.csproj", "{F36FB5EB-4ACB-4F58-A68D-B9A4BFECFA23}"
EndProject
Global
	GlobalSection(SolutionConfigurationPlatforms) = preSolution
		Debug|Any CPU = Debug|Any CPU
		Release|Any CPU = Release|Any CPU
	EndGlobalSection
	GlobalSection(ProjectConfigurationPlatforms) = postSolution
		{F36FB5EB-4ACB-4F58-A68D-B9A4BFECFA23}.Debug|Any CPU.ActiveCfg = Debug|Any CPU
		{F36FB5EB-4ACB-4F58-A68D-B9A4BFECFA23}.Debug|Any CPU.Build.0 = Debug|Any CPU
		{F36FB5EB-4ACB-4F58-A68D-B9A4BFECFA23}.Release|Any CPU.ActiveCfg = Release|Any CPU
		{F36FB5EB-4ACB-4F58-A68D-B9A4BFECFA23}.Release|Any CPU.Build.0 = Release|Any CPU
	EndGlobalSection
	GlobalSection(SolutionProperties) = preSolution
		HideSolutionNode = FALSE
	EndGlobalSection
	GlobalSection(ExtensibilityGlobals) = postSolution
		SolutionGuid = {53CB9ED6-2C54-44E1-B5C6-A0F9651877CC}
	EndGlobalSection
EndGlobal
