
Microsoft Visual Studio Solution File, Format Version 12.00
# Visual Studio 15
VisualStudioVersion = 15.0.28307.1022
MinimumVisualStudioVersion = 10.0.40219.1
Project("{FAE04EC0-301F-11D3-BF4B-00C04F79EFBC}") = "142. Linked List Cycle II", "142. Linked List Cycle II\142. Linked List Cycle II.csproj", "{CCBCF905-B28B-4E1A-9C76-D70A24CCE0A6}"
EndProject
Global
	GlobalSection(SolutionConfigurationPlatforms) = preSolution
		Debug|Any CPU = Debug|Any CPU
		Release|Any CPU = Release|Any CPU
	EndGlobalSection
	GlobalSection(ProjectConfigurationPlatforms) = postSolution
		{CCBCF905-B28B-4E1A-9C76-D70A24CCE0A6}.Debug|Any CPU.ActiveCfg = Debug|Any CPU
		{CCBCF905-B28B-4E1A-9C76-D70A24CCE0A6}.Debug|Any CPU.Build.0 = Debug|Any CPU
		{CCBCF905-B28B-4E1A-9C76-D70A24CCE0A6}.Release|Any CPU.ActiveCfg = Release|Any CPU
		{CCBCF905-B28B-4E1A-9C76-D70A24CCE0A6}.Release|Any CPU.Build.0 = Release|Any CPU
	EndGlobalSection
	GlobalSection(SolutionProperties) = preSolution
		HideSolutionNode = FALSE
	EndGlobalSection
	GlobalSection(ExtensibilityGlobals) = postSolution
		SolutionGuid = {BBB9035D-82BD-4933-877E-FE3BB1EF6505}
	EndGlobalSection
EndGlobal
