
Microsoft Visual Studio Solution File, Format Version 12.00
# Visual Studio 15
VisualStudioVersion = 15.0.28307.779
MinimumVisualStudioVersion = 10.0.40219.1
Project("{FAE04EC0-301F-11D3-BF4B-00C04F79EFBC}") = "Longest Substring Without Repeating Characters", "Longest Substring Without Repeating Characters\Longest Substring Without Repeating Characters.csproj", "{759B23C9-6892-4C5C-80C4-207438FC76D4}"
EndProject
Global
	GlobalSection(SolutionConfigurationPlatforms) = preSolution
		Debug|Any CPU = Debug|Any CPU
		Release|Any CPU = Release|Any CPU
	EndGlobalSection
	GlobalSection(ProjectConfigurationPlatforms) = postSolution
		{759B23C9-6892-4C5C-80C4-207438FC76D4}.Debug|Any CPU.ActiveCfg = Debug|Any CPU
		{759B23C9-6892-4C5C-80C4-207438FC76D4}.Debug|Any CPU.Build.0 = Debug|Any CPU
		{759B23C9-6892-4C5C-80C4-207438FC76D4}.Release|Any CPU.ActiveCfg = Release|Any CPU
		{759B23C9-6892-4C5C-80C4-207438FC76D4}.Release|Any CPU.Build.0 = Release|Any CPU
	EndGlobalSection
	GlobalSection(SolutionProperties) = preSolution
		HideSolutionNode = FALSE
	EndGlobalSection
	GlobalSection(ExtensibilityGlobals) = postSolution
		SolutionGuid = {2DCC7820-3649-4C95-B5E6-428947D60E07}
	EndGlobalSection
EndGlobal
