
Microsoft Visual Studio Solution File, Format Version 12.00
# Visual Studio 15
VisualStudioVersion = 15.0.28307.1022
MinimumVisualStudioVersion = 10.0.40219.1
Project("{FAE04EC0-301F-11D3-BF4B-00C04F79EFBC}") = "1008. Construct BST from Preorder Traversal", "1008. Construct BST from Preorder Traversal\1008. Construct BST from Preorder Traversal.csproj", "{9C57A6D9-85D2-4434-8E17-49C579A8956D}"
EndProject
Global
	GlobalSection(SolutionConfigurationPlatforms) = preSolution
		Debug|Any CPU = Debug|Any CPU
		Release|Any CPU = Release|Any CPU
	EndGlobalSection
	GlobalSection(ProjectConfigurationPlatforms) = postSolution
		{9C57A6D9-85D2-4434-8E17-49C579A8956D}.Debug|Any CPU.ActiveCfg = Debug|Any CPU
		{9C57A6D9-85D2-4434-8E17-49C579A8956D}.Debug|Any CPU.Build.0 = Debug|Any CPU
		{9C57A6D9-85D2-4434-8E17-49C579A8956D}.Release|Any CPU.ActiveCfg = Release|Any CPU
		{9C57A6D9-85D2-4434-8E17-49C579A8956D}.Release|Any CPU.Build.0 = Release|Any CPU
	EndGlobalSection
	GlobalSection(SolutionProperties) = preSolution
		HideSolutionNode = FALSE
	EndGlobalSection
	GlobalSection(ExtensibilityGlobals) = postSolution
		SolutionGuid = {5E0814A7-D103-4438-AF9B-02B5AB7088E9}
	EndGlobalSection
EndGlobal
