
Microsoft Visual Studio Solution File, Format Version 12.00
# Visual Studio 15
VisualStudioVersion = 15.0.28307.902
MinimumVisualStudioVersion = 10.0.40219.1
Project("{FAE04EC0-301F-11D3-BF4B-00C04F79EFBC}") = "Recover a Tree From Preorder Traversal", "Recover a Tree From Preorder Traversal\Recover a Tree From Preorder Traversal.csproj", "{BD42360B-FF0F-4A8F-8D8E-C537A4EC1650}"
EndProject
Global
	GlobalSection(SolutionConfigurationPlatforms) = preSolution
		Debug|Any CPU = Debug|Any CPU
		Release|Any CPU = Release|Any CPU
	EndGlobalSection
	GlobalSection(ProjectConfigurationPlatforms) = postSolution
		{BD42360B-FF0F-4A8F-8D8E-C537A4EC1650}.Debug|Any CPU.ActiveCfg = Debug|Any CPU
		{BD42360B-FF0F-4A8F-8D8E-C537A4EC1650}.Debug|Any CPU.Build.0 = Debug|Any CPU
		{BD42360B-FF0F-4A8F-8D8E-C537A4EC1650}.Release|Any CPU.ActiveCfg = Release|Any CPU
		{BD42360B-FF0F-4A8F-8D8E-C537A4EC1650}.Release|Any CPU.Build.0 = Release|Any CPU
	EndGlobalSection
	GlobalSection(SolutionProperties) = preSolution
		HideSolutionNode = FALSE
	EndGlobalSection
	GlobalSection(ExtensibilityGlobals) = postSolution
		SolutionGuid = {075A780C-27E9-4279-9E0F-30DBFCA80356}
	EndGlobalSection
EndGlobal
