
Microsoft Visual Studio Solution File, Format Version 12.00
# Visual Studio 15
VisualStudioVersion = 15.0.28307.1022
MinimumVisualStudioVersion = 10.0.40219.1
Project("{FAE04EC0-301F-11D3-BF4B-00C04F79EFBC}") = "125. Valid Palindrome", "125. Valid Palindrome\125. Valid Palindrome.csproj", "{A85FD298-F225-4A43-BD70-F8C22EF32DF0}"
EndProject
Global
	GlobalSection(SolutionConfigurationPlatforms) = preSolution
		Debug|Any CPU = Debug|Any CPU
		Release|Any CPU = Release|Any CPU
	EndGlobalSection
	GlobalSection(ProjectConfigurationPlatforms) = postSolution
		{A85FD298-F225-4A43-BD70-F8C22EF32DF0}.Debug|Any CPU.ActiveCfg = Debug|Any CPU
		{A85FD298-F225-4A43-BD70-F8C22EF32DF0}.Debug|Any CPU.Build.0 = Debug|Any CPU
		{A85FD298-F225-4A43-BD70-F8C22EF32DF0}.Release|Any CPU.ActiveCfg = Release|Any CPU
		{A85FD298-F225-4A43-BD70-F8C22EF32DF0}.Release|Any CPU.Build.0 = Release|Any CPU
	EndGlobalSection
	GlobalSection(SolutionProperties) = preSolution
		HideSolutionNode = FALSE
	EndGlobalSection
	GlobalSection(ExtensibilityGlobals) = postSolution
		SolutionGuid = {FA7024FB-7DFC-4063-8FB4-7BF3B122C053}
	EndGlobalSection
EndGlobal
