
Microsoft Visual Studio Solution File, Format Version 12.00
# Visual Studio 15
VisualStudioVersion = 15.0.28307.1022
MinimumVisualStudioVersion = 10.0.40219.1
Project("{FAE04EC0-301F-11D3-BF4B-00C04F79EFBC}") = "344. Reverse String", "344. Reverse String\344. Reverse String.csproj", "{C5BEF444-3E32-401F-BAD2-ADE5472FAB6E}"
EndProject
Global
	GlobalSection(SolutionConfigurationPlatforms) = preSolution
		Debug|Any CPU = Debug|Any CPU
		Release|Any CPU = Release|Any CPU
	EndGlobalSection
	GlobalSection(ProjectConfigurationPlatforms) = postSolution
		{C5BEF444-3E32-401F-BAD2-ADE5472FAB6E}.Debug|Any CPU.ActiveCfg = Debug|Any CPU
		{C5BEF444-3E32-401F-BAD2-ADE5472FAB6E}.Debug|Any CPU.Build.0 = Debug|Any CPU
		{C5BEF444-3E32-401F-BAD2-ADE5472FAB6E}.Release|Any CPU.ActiveCfg = Release|Any CPU
		{C5BEF444-3E32-401F-BAD2-ADE5472FAB6E}.Release|Any CPU.Build.0 = Release|Any CPU
	EndGlobalSection
	GlobalSection(SolutionProperties) = preSolution
		HideSolutionNode = FALSE
	EndGlobalSection
	GlobalSection(ExtensibilityGlobals) = postSolution
		SolutionGuid = {38CAF323-9D6F-457F-88DC-8C02A3535924}
	EndGlobalSection
EndGlobal
