
Microsoft Visual Studio Solution File, Format Version 12.00
# Visual Studio 15
VisualStudioVersion = 15.0.28307.1022
MinimumVisualStudioVersion = 10.0.40219.1
Project("{FAE04EC0-301F-11D3-BF4B-00C04F79EFBC}") = "905. Sort Array By Parity", "905. Sort Array By Parity\905. Sort Array By Parity.csproj", "{E24F2749-4E6C-42CF-AFF7-9105732DFD9E}"
EndProject
Global
	GlobalSection(SolutionConfigurationPlatforms) = preSolution
		Debug|Any CPU = Debug|Any CPU
		Release|Any CPU = Release|Any CPU
	EndGlobalSection
	GlobalSection(ProjectConfigurationPlatforms) = postSolution
		{E24F2749-4E6C-42CF-AFF7-9105732DFD9E}.Debug|Any CPU.ActiveCfg = Debug|Any CPU
		{E24F2749-4E6C-42CF-AFF7-9105732DFD9E}.Debug|Any CPU.Build.0 = Debug|Any CPU
		{E24F2749-4E6C-42CF-AFF7-9105732DFD9E}.Release|Any CPU.ActiveCfg = Release|Any CPU
		{E24F2749-4E6C-42CF-AFF7-9105732DFD9E}.Release|Any CPU.Build.0 = Release|Any CPU
	EndGlobalSection
	GlobalSection(SolutionProperties) = preSolution
		HideSolutionNode = FALSE
	EndGlobalSection
	GlobalSection(ExtensibilityGlobals) = postSolution
		SolutionGuid = {15CDAA41-8EF8-453F-9BDE-011D94D020E9}
	EndGlobalSection
EndGlobal
