
Microsoft Visual Studio Solution File, Format Version 12.00
# Visual Studio 15
VisualStudioVersion = 15.0.28307.779
MinimumVisualStudioVersion = 10.0.40219.1
Project("{FAE04EC0-301F-11D3-BF4B-00C04F79EFBC}") = "Jewels and Stones", "Jewels and Stones\Jewels and Stones.csproj", "{A853B120-7000-4369-BF6C-8444EBCA6C9D}"
EndProject
Global
	GlobalSection(SolutionConfigurationPlatforms) = preSolution
		Debug|Any CPU = Debug|Any CPU
		Release|Any CPU = Release|Any CPU
	EndGlobalSection
	GlobalSection(ProjectConfigurationPlatforms) = postSolution
		{A853B120-7000-4369-BF6C-8444EBCA6C9D}.Debug|Any CPU.ActiveCfg = Debug|Any CPU
		{A853B120-7000-4369-BF6C-8444EBCA6C9D}.Debug|Any CPU.Build.0 = Debug|Any CPU
		{A853B120-7000-4369-BF6C-8444EBCA6C9D}.Release|Any CPU.ActiveCfg = Release|Any CPU
		{A853B120-7000-4369-BF6C-8444EBCA6C9D}.Release|Any CPU.Build.0 = Release|Any CPU
	EndGlobalSection
	GlobalSection(SolutionProperties) = preSolution
		HideSolutionNode = FALSE
	EndGlobalSection
	GlobalSection(ExtensibilityGlobals) = postSolution
		SolutionGuid = {762D9F41-2AD6-4819-97BA-242312CE6A17}
	EndGlobalSection
EndGlobal
