
Microsoft Visual Studio Solution File, Format Version 12.00
# Visual Studio 15
VisualStudioVersion = 15.0.28307.572
MinimumVisualStudioVersion = 10.0.40219.1
Project("{FAE04EC0-301F-11D3-BF4B-00C04F79EFBC}") = "DiagonalTraverse", "DiagonalTraverse\DiagonalTraverse.csproj", "{24362926-7C5F-44B4-BFE2-17B6293F0D89}"
EndProject
Global
	GlobalSection(SolutionConfigurationPlatforms) = preSolution
		Debug|Any CPU = Debug|Any CPU
		Release|Any CPU = Release|Any CPU
	EndGlobalSection
	GlobalSection(ProjectConfigurationPlatforms) = postSolution
		{24362926-7C5F-44B4-BFE2-17B6293F0D89}.Debug|Any CPU.ActiveCfg = Debug|Any CPU
		{24362926-7C5F-44B4-BFE2-17B6293F0D89}.Debug|Any CPU.Build.0 = Debug|Any CPU
		{24362926-7C5F-44B4-BFE2-17B6293F0D89}.Release|Any CPU.ActiveCfg = Release|Any CPU
		{24362926-7C5F-44B4-BFE2-17B6293F0D89}.Release|Any CPU.Build.0 = Release|Any CPU
	EndGlobalSection
	GlobalSection(SolutionProperties) = preSolution
		HideSolutionNode = FALSE
	EndGlobalSection
	GlobalSection(ExtensibilityGlobals) = postSolution
		SolutionGuid = {0DCE50D7-2FE3-464B-A06F-2AD64B3EC35A}
	EndGlobalSection
EndGlobal
