
Microsoft Visual Studio Solution File, Format Version 12.00
# Visual Studio 15
VisualStudioVersion = 15.0.28307.1022
MinimumVisualStudioVersion = 10.0.40219.1
Project("{FAE04EC0-301F-11D3-BF4B-00C04F79EFBC}") = "1026. Maximum Difference Between Node and Ancestor", "1026. Maximum Difference Between Node and Ancestor\1026. Maximum Difference Between Node and Ancestor.csproj", "{5894FEC4-836B-4DDF-8A6C-C2F8E5BE4FD0}"
EndProject
Global
	GlobalSection(SolutionConfigurationPlatforms) = preSolution
		Debug|Any CPU = Debug|Any CPU
		Release|Any CPU = Release|Any CPU
	EndGlobalSection
	GlobalSection(ProjectConfigurationPlatforms) = postSolution
		{5894FEC4-836B-4DDF-8A6C-C2F8E5BE4FD0}.Debug|Any CPU.ActiveCfg = Debug|Any CPU
		{5894FEC4-836B-4DDF-8A6C-C2F8E5BE4FD0}.Debug|Any CPU.Build.0 = Debug|Any CPU
		{5894FEC4-836B-4DDF-8A6C-C2F8E5BE4FD0}.Release|Any CPU.ActiveCfg = Release|Any CPU
		{5894FEC4-836B-4DDF-8A6C-C2F8E5BE4FD0}.Release|Any CPU.Build.0 = Release|Any CPU
	EndGlobalSection
	GlobalSection(SolutionProperties) = preSolution
		HideSolutionNode = FALSE
	EndGlobalSection
	GlobalSection(ExtensibilityGlobals) = postSolution
		SolutionGuid = {59885A2A-6433-4C1B-A704-364843FF7E7F}
	EndGlobalSection
EndGlobal
