
Microsoft Visual Studio Solution File, Format Version 12.00
# Visual Studio 15
VisualStudioVersion = 15.0.28307.757
MinimumVisualStudioVersion = 10.0.40219.1
Project("{FAE04EC0-301F-11D3-BF4B-00C04F79EFBC}") = "Group Anagrams", "Group Anagrams\Group Anagrams.csproj", "{9154F1E2-D803-455C-AB6E-A8EE2B4FC737}"
EndProject
Global
	GlobalSection(SolutionConfigurationPlatforms) = preSolution
		Debug|Any CPU = Debug|Any CPU
		Release|Any CPU = Release|Any CPU
	EndGlobalSection
	GlobalSection(ProjectConfigurationPlatforms) = postSolution
		{9154F1E2-D803-455C-AB6E-A8EE2B4FC737}.Debug|Any CPU.ActiveCfg = Debug|Any CPU
		{9154F1E2-D803-455C-AB6E-A8EE2B4FC737}.Debug|Any CPU.Build.0 = Debug|Any CPU
		{9154F1E2-D803-455C-AB6E-A8EE2B4FC737}.Release|Any CPU.ActiveCfg = Release|Any CPU
		{9154F1E2-D803-455C-AB6E-A8EE2B4FC737}.Release|Any CPU.Build.0 = Release|Any CPU
	EndGlobalSection
	GlobalSection(SolutionProperties) = preSolution
		HideSolutionNode = FALSE
	EndGlobalSection
	GlobalSection(ExtensibilityGlobals) = postSolution
		SolutionGuid = {CA5DAF84-26E4-4E2F-B3B4-8F9FA5F1F494}
	EndGlobalSection
EndGlobal
