
Microsoft Visual Studio Solution File, Format Version 12.00
# Visual Studio 15
VisualStudioVersion = 15.0.28307.1022
MinimumVisualStudioVersion = 10.0.40219.1
Project("{FAE04EC0-301F-11D3-BF4B-00C04F79EFBC}") = "728. Self Dividing Numbers", "728. Self Dividing Numbers\728. Self Dividing Numbers.csproj", "{03AA5C32-5E49-4B90-B071-5001398C62FB}"
EndProject
Global
	GlobalSection(SolutionConfigurationPlatforms) = preSolution
		Debug|Any CPU = Debug|Any CPU
		Release|Any CPU = Release|Any CPU
	EndGlobalSection
	GlobalSection(ProjectConfigurationPlatforms) = postSolution
		{03AA5C32-5E49-4B90-B071-5001398C62FB}.Debug|Any CPU.ActiveCfg = Debug|Any CPU
		{03AA5C32-5E49-4B90-B071-5001398C62FB}.Debug|Any CPU.Build.0 = Debug|Any CPU
		{03AA5C32-5E49-4B90-B071-5001398C62FB}.Release|Any CPU.ActiveCfg = Release|Any CPU
		{03AA5C32-5E49-4B90-B071-5001398C62FB}.Release|Any CPU.Build.0 = Release|Any CPU
	EndGlobalSection
	GlobalSection(SolutionProperties) = preSolution
		HideSolutionNode = FALSE
	EndGlobalSection
	GlobalSection(ExtensibilityGlobals) = postSolution
		SolutionGuid = {BFFD603D-3220-4A79-96FB-68182F763506}
	EndGlobalSection
EndGlobal
