
Microsoft Visual Studio Solution File, Format Version 12.00
# Visual Studio 15
VisualStudioVersion = 15.0.28307.1022
MinimumVisualStudioVersion = 10.0.40219.1
Project("{FAE04EC0-301F-11D3-BF4B-00C04F79EFBC}") = "881. Boats to Save People", "881. Boats to Save People\881. Boats to Save People.csproj", "{994F9692-3FB7-4265-9E74-3F2D155B88C3}"
EndProject
Global
	GlobalSection(SolutionConfigurationPlatforms) = preSolution
		Debug|Any CPU = Debug|Any CPU
		Release|Any CPU = Release|Any CPU
	EndGlobalSection
	GlobalSection(ProjectConfigurationPlatforms) = postSolution
		{994F9692-3FB7-4265-9E74-3F2D155B88C3}.Debug|Any CPU.ActiveCfg = Debug|Any CPU
		{994F9692-3FB7-4265-9E74-3F2D155B88C3}.Debug|Any CPU.Build.0 = Debug|Any CPU
		{994F9692-3FB7-4265-9E74-3F2D155B88C3}.Release|Any CPU.ActiveCfg = Release|Any CPU
		{994F9692-3FB7-4265-9E74-3F2D155B88C3}.Release|Any CPU.Build.0 = Release|Any CPU
	EndGlobalSection
	GlobalSection(SolutionProperties) = preSolution
		HideSolutionNode = FALSE
	EndGlobalSection
	GlobalSection(ExtensibilityGlobals) = postSolution
		SolutionGuid = {052D5AC7-B400-4894-8FA3-3B9EECC45D9F}
	EndGlobalSection
EndGlobal
