
Microsoft Visual Studio Solution File, Format Version 12.00
# Visual Studio 15
VisualStudioVersion = 15.0.28307.1022
MinimumVisualStudioVersion = 10.0.40219.1
Project("{FAE04EC0-301F-11D3-BF4B-00C04F79EFBC}") = "419. Battleships in a Board", "419. Battleships in a Board\419. Battleships in a Board.csproj", "{116451CF-0818-4009-B203-BCC25AD7E880}"
EndProject
Global
	GlobalSection(SolutionConfigurationPlatforms) = preSolution
		Debug|Any CPU = Debug|Any CPU
		Release|Any CPU = Release|Any CPU
	EndGlobalSection
	GlobalSection(ProjectConfigurationPlatforms) = postSolution
		{116451CF-0818-4009-B203-BCC25AD7E880}.Debug|Any CPU.ActiveCfg = Debug|Any CPU
		{116451CF-0818-4009-B203-BCC25AD7E880}.Debug|Any CPU.Build.0 = Debug|Any CPU
		{116451CF-0818-4009-B203-BCC25AD7E880}.Release|Any CPU.ActiveCfg = Release|Any CPU
		{116451CF-0818-4009-B203-BCC25AD7E880}.Release|Any CPU.Build.0 = Release|Any CPU
	EndGlobalSection
	GlobalSection(SolutionProperties) = preSolution
		HideSolutionNode = FALSE
	EndGlobalSection
	GlobalSection(ExtensibilityGlobals) = postSolution
		SolutionGuid = {9B6644FA-1A56-4A90-B69B-8EF4F821AAFE}
	EndGlobalSection
EndGlobal
