
Microsoft Visual Studio Solution File, Format Version 12.00
# Visual Studio 15
VisualStudioVersion = 15.0.28307.1022
MinimumVisualStudioVersion = 10.0.40219.1
Project("{FAE04EC0-301F-11D3-BF4B-00C04F79EFBC}") = "208. Implement Trie (Prefix Tree)", "208. Implement Trie (Prefix Tree)\208. Implement Trie (Prefix Tree).csproj", "{89A3AE9F-ACBE-4083-B439-6071A950E48F}"
EndProject
Global
	GlobalSection(SolutionConfigurationPlatforms) = preSolution
		Debug|Any CPU = Debug|Any CPU
		Release|Any CPU = Release|Any CPU
	EndGlobalSection
	GlobalSection(ProjectConfigurationPlatforms) = postSolution
		{89A3AE9F-ACBE-4083-B439-6071A950E48F}.Debug|Any CPU.ActiveCfg = Debug|Any CPU
		{89A3AE9F-ACBE-4083-B439-6071A950E48F}.Debug|Any CPU.Build.0 = Debug|Any CPU
		{89A3AE9F-ACBE-4083-B439-6071A950E48F}.Release|Any CPU.ActiveCfg = Release|Any CPU
		{89A3AE9F-ACBE-4083-B439-6071A950E48F}.Release|Any CPU.Build.0 = Release|Any CPU
	EndGlobalSection
	GlobalSection(SolutionProperties) = preSolution
		HideSolutionNode = FALSE
	EndGlobalSection
	GlobalSection(ExtensibilityGlobals) = postSolution
		SolutionGuid = {2B17131F-1700-49CB-A1EB-004BC1CEC5A0}
	EndGlobalSection
EndGlobal
