
Microsoft Visual Studio Solution File, Format Version 12.00
# Visual Studio 15
VisualStudioVersion = 15.0.28307.1022
MinimumVisualStudioVersion = 10.0.40219.1
Project("{FAE04EC0-301F-11D3-BF4B-00C04F79EFBC}") = "1431. Kids With the Greatest Number of Candies", "1431. Kids With the Greatest Number of Candies\1431. Kids With the Greatest Number of Candies.csproj", "{C03DC887-CEF8-45DF-AD84-DD4F1C339F8D}"
EndProject
Global
	GlobalSection(SolutionConfigurationPlatforms) = preSolution
		Debug|Any CPU = Debug|Any CPU
		Release|Any CPU = Release|Any CPU
	EndGlobalSection
	GlobalSection(ProjectConfigurationPlatforms) = postSolution
		{C03DC887-CEF8-45DF-AD84-DD4F1C339F8D}.Debug|Any CPU.ActiveCfg = Debug|Any CPU
		{C03DC887-CEF8-45DF-AD84-DD4F1C339F8D}.Debug|Any CPU.Build.0 = Debug|Any CPU
		{C03DC887-CEF8-45DF-AD84-DD4F1C339F8D}.Release|Any CPU.ActiveCfg = Release|Any CPU
		{C03DC887-CEF8-45DF-AD84-DD4F1C339F8D}.Release|Any CPU.Build.0 = Release|Any CPU
	EndGlobalSection
	GlobalSection(SolutionProperties) = preSolution
		HideSolutionNode = FALSE
	EndGlobalSection
	GlobalSection(ExtensibilityGlobals) = postSolution
		SolutionGuid = {7D801687-16B2-4D2D-BC4D-711B33848D1C}
	EndGlobalSection
EndGlobal
