
Microsoft Visual Studio Solution File, Format Version 12.00
# Visual Studio 15
VisualStudioVersion = 15.0.28307.1022
MinimumVisualStudioVersion = 10.0.40219.1
Project("{FAE04EC0-301F-11D3-BF4B-00C04F79EFBC}") = "119. Pascal's Triangle II", "119. Pascal's Triangle II\119. Pascal's Triangle II.csproj", "{528762C7-A9AA-4B61-8070-0A9291FE1F5B}"
EndProject
Global
	GlobalSection(SolutionConfigurationPlatforms) = preSolution
		Debug|Any CPU = Debug|Any CPU
		Release|Any CPU = Release|Any CPU
	EndGlobalSection
	GlobalSection(ProjectConfigurationPlatforms) = postSolution
		{528762C7-A9AA-4B61-8070-0A9291FE1F5B}.Debug|Any CPU.ActiveCfg = Debug|Any CPU
		{528762C7-A9AA-4B61-8070-0A9291FE1F5B}.Debug|Any CPU.Build.0 = Debug|Any CPU
		{528762C7-A9AA-4B61-8070-0A9291FE1F5B}.Release|Any CPU.ActiveCfg = Release|Any CPU
		{528762C7-A9AA-4B61-8070-0A9291FE1F5B}.Release|Any CPU.Build.0 = Release|Any CPU
	EndGlobalSection
	GlobalSection(SolutionProperties) = preSolution
		HideSolutionNode = FALSE
	EndGlobalSection
	GlobalSection(ExtensibilityGlobals) = postSolution
		SolutionGuid = {6F9427C1-A6D7-4083-B7AC-471ACE3ABD8D}
	EndGlobalSection
EndGlobal
