
Microsoft Visual Studio Solution File, Format Version 12.00
# Visual Studio 15
VisualStudioVersion = 15.0.28307.1022
MinimumVisualStudioVersion = 10.0.40219.1
Project("{FAE04EC0-301F-11D3-BF4B-00C04F79EFBC}") = "414. Third Maximum Number", "414. Third Maximum Number\414. Third Maximum Number.csproj", "{B08D98AC-B55E-4182-BE88-83BB4EBD5BC0}"
EndProject
Global
	GlobalSection(SolutionConfigurationPlatforms) = preSolution
		Debug|Any CPU = Debug|Any CPU
		Release|Any CPU = Release|Any CPU
	EndGlobalSection
	GlobalSection(ProjectConfigurationPlatforms) = postSolution
		{B08D98AC-B55E-4182-BE88-83BB4EBD5BC0}.Debug|Any CPU.ActiveCfg = Debug|Any CPU
		{B08D98AC-B55E-4182-BE88-83BB4EBD5BC0}.Debug|Any CPU.Build.0 = Debug|Any CPU
		{B08D98AC-B55E-4182-BE88-83BB4EBD5BC0}.Release|Any CPU.ActiveCfg = Release|Any CPU
		{B08D98AC-B55E-4182-BE88-83BB4EBD5BC0}.Release|Any CPU.Build.0 = Release|Any CPU
	EndGlobalSection
	GlobalSection(SolutionProperties) = preSolution
		HideSolutionNode = FALSE
	EndGlobalSection
	GlobalSection(ExtensibilityGlobals) = postSolution
		SolutionGuid = {04804297-F859-48C5-B362-99E8F41FE2A7}
	EndGlobalSection
EndGlobal
