
Microsoft Visual Studio Solution File, Format Version 12.00
# Visual Studio 15
VisualStudioVersion = 15.0.28307.1022
MinimumVisualStudioVersion = 10.0.40219.1
Project("{FAE04EC0-301F-11D3-BF4B-00C04F79EFBC}") = "1380. Lucky Numbers in a Matrix", "1380. Lucky Numbers in a Matrix\1380. Lucky Numbers in a Matrix.csproj", "{1FD7AD6A-BC1B-47AE-B543-96DA7C62C3DC}"
EndProject
Global
	GlobalSection(SolutionConfigurationPlatforms) = preSolution
		Debug|Any CPU = Debug|Any CPU
		Release|Any CPU = Release|Any CPU
	EndGlobalSection
	GlobalSection(ProjectConfigurationPlatforms) = postSolution
		{1FD7AD6A-BC1B-47AE-B543-96DA7C62C3DC}.Debug|Any CPU.ActiveCfg = Debug|Any CPU
		{1FD7AD6A-BC1B-47AE-B543-96DA7C62C3DC}.Debug|Any CPU.Build.0 = Debug|Any CPU
		{1FD7AD6A-BC1B-47AE-B543-96DA7C62C3DC}.Release|Any CPU.ActiveCfg = Release|Any CPU
		{1FD7AD6A-BC1B-47AE-B543-96DA7C62C3DC}.Release|Any CPU.Build.0 = Release|Any CPU
	EndGlobalSection
	GlobalSection(SolutionProperties) = preSolution
		HideSolutionNode = FALSE
	EndGlobalSection
	GlobalSection(ExtensibilityGlobals) = postSolution
		SolutionGuid = {194FEE6B-1171-4038-B8D7-7F900CA5A35F}
	EndGlobalSection
EndGlobal
