
Microsoft Visual Studio Solution File, Format Version 12.00
# Visual Studio 15
VisualStudioVersion = 15.0.28307.1022
MinimumVisualStudioVersion = 10.0.40219.1
Project("{FAE04EC0-301F-11D3-BF4B-00C04F79EFBC}") = "1119. Remove Vowels from a String", "1119. Remove Vowels from a String\1119. Remove Vowels from a String.csproj", "{9C529385-89ED-4D53-8B21-3A2C6CB693AC}"
EndProject
Global
	GlobalSection(SolutionConfigurationPlatforms) = preSolution
		Debug|Any CPU = Debug|Any CPU
		Release|Any CPU = Release|Any CPU
	EndGlobalSection
	GlobalSection(ProjectConfigurationPlatforms) = postSolution
		{9C529385-89ED-4D53-8B21-3A2C6CB693AC}.Debug|Any CPU.ActiveCfg = Debug|Any CPU
		{9C529385-89ED-4D53-8B21-3A2C6CB693AC}.Debug|Any CPU.Build.0 = Debug|Any CPU
		{9C529385-89ED-4D53-8B21-3A2C6CB693AC}.Release|Any CPU.ActiveCfg = Release|Any CPU
		{9C529385-89ED-4D53-8B21-3A2C6CB693AC}.Release|Any CPU.Build.0 = Release|Any CPU
	EndGlobalSection
	GlobalSection(SolutionProperties) = preSolution
		HideSolutionNode = FALSE
	EndGlobalSection
	GlobalSection(ExtensibilityGlobals) = postSolution
		SolutionGuid = {57862BCE-635C-4C96-A530-957DF806705D}
	EndGlobalSection
EndGlobal
