
Microsoft Visual Studio Solution File, Format Version 12.00
# Visual Studio 15
VisualStudioVersion = 15.0.28307.1022
MinimumVisualStudioVersion = 10.0.40219.1
Project("{FAE04EC0-301F-11D3-BF4B-00C04F79EFBC}") = "SingleNumber", "SingleNumber\SingleNumber.csproj", "{3CFA477B-F017-45D0-98D0-0E9196B19FC4}"
EndProject
Global
	GlobalSection(SolutionConfigurationPlatforms) = preSolution
		Debug|Any CPU = Debug|Any CPU
		Release|Any CPU = Release|Any CPU
	EndGlobalSection
	GlobalSection(ProjectConfigurationPlatforms) = postSolution
		{3CFA477B-F017-45D0-98D0-0E9196B19FC4}.Debug|Any CPU.ActiveCfg = Debug|Any CPU
		{3CFA477B-F017-45D0-98D0-0E9196B19FC4}.Debug|Any CPU.Build.0 = Debug|Any CPU
		{3CFA477B-F017-45D0-98D0-0E9196B19FC4}.Release|Any CPU.ActiveCfg = Release|Any CPU
		{3CFA477B-F017-45D0-98D0-0E9196B19FC4}.Release|Any CPU.Build.0 = Release|Any CPU
	EndGlobalSection
	GlobalSection(SolutionProperties) = preSolution
		HideSolutionNode = FALSE
	EndGlobalSection
	GlobalSection(ExtensibilityGlobals) = postSolution
		SolutionGuid = {90E768F7-06B5-45DB-9E1C-B117CC8964BC}
	EndGlobalSection
EndGlobal
