
Microsoft Visual Studio Solution File, Format Version 12.00
# Visual Studio 15
VisualStudioVersion = 15.0.28307.1022
MinimumVisualStudioVersion = 10.0.40219.1
Project("{FAE04EC0-301F-11D3-BF4B-00C04F79EFBC}") = "1337. The K Weakest Rows in a Matrix", "1337. The K Weakest Rows in a Matrix\1337. The K Weakest Rows in a Matrix.csproj", "{3B047651-E04F-4BD7-9269-C408331FC447}"
EndProject
Global
	GlobalSection(SolutionConfigurationPlatforms) = preSolution
		Debug|Any CPU = Debug|Any CPU
		Release|Any CPU = Release|Any CPU
	EndGlobalSection
	GlobalSection(ProjectConfigurationPlatforms) = postSolution
		{3B047651-E04F-4BD7-9269-C408331FC447}.Debug|Any CPU.ActiveCfg = Debug|Any CPU
		{3B047651-E04F-4BD7-9269-C408331FC447}.Debug|Any CPU.Build.0 = Debug|Any CPU
		{3B047651-E04F-4BD7-9269-C408331FC447}.Release|Any CPU.ActiveCfg = Release|Any CPU
		{3B047651-E04F-4BD7-9269-C408331FC447}.Release|Any CPU.Build.0 = Release|Any CPU
	EndGlobalSection
	GlobalSection(SolutionProperties) = preSolution
		HideSolutionNode = FALSE
	EndGlobalSection
	GlobalSection(ExtensibilityGlobals) = postSolution
		SolutionGuid = {5ECC1EAD-BD7B-41DA-AA80-34044607EF3F}
	EndGlobalSection
EndGlobal
