
Microsoft Visual Studio Solution File, Format Version 12.00
# Visual Studio 15
VisualStudioVersion = 15.0.28307.1022
MinimumVisualStudioVersion = 10.0.40219.1
Project("{FAE04EC0-301F-11D3-BF4B-00C04F79EFBC}") = "404. Sum of Left Leaves", "404. Sum of Left Leaves\404. Sum of Left Leaves.csproj", "{D484DF4A-9E5E-4157-A7D1-E5FA338E150B}"
EndProject
Global
	GlobalSection(SolutionConfigurationPlatforms) = preSolution
		Debug|Any CPU = Debug|Any CPU
		Release|Any CPU = Release|Any CPU
	EndGlobalSection
	GlobalSection(ProjectConfigurationPlatforms) = postSolution
		{D484DF4A-9E5E-4157-A7D1-E5FA338E150B}.Debug|Any CPU.ActiveCfg = Debug|Any CPU
		{D484DF4A-9E5E-4157-A7D1-E5FA338E150B}.Debug|Any CPU.Build.0 = Debug|Any CPU
		{D484DF4A-9E5E-4157-A7D1-E5FA338E150B}.Release|Any CPU.ActiveCfg = Release|Any CPU
		{D484DF4A-9E5E-4157-A7D1-E5FA338E150B}.Release|Any CPU.Build.0 = Release|Any CPU
	EndGlobalSection
	GlobalSection(SolutionProperties) = preSolution
		HideSolutionNode = FALSE
	EndGlobalSection
	GlobalSection(ExtensibilityGlobals) = postSolution
		SolutionGuid = {27935032-2141-4045-B096-18A9B9613704}
	EndGlobalSection
EndGlobal
