
Microsoft Visual Studio Solution File, Format Version 12.00
# Visual Studio 15
VisualStudioVersion = 15.0.28307.1022
MinimumVisualStudioVersion = 10.0.40219.1
Project("{FAE04EC0-301F-11D3-BF4B-00C04F79EFBC}") = "171. Excel Sheet Column Number", "171. Excel Sheet Column Number\171. Excel Sheet Column Number.csproj", "{DE9CC2D6-0A3F-47C2-B14A-7C2C85212794}"
EndProject
Global
	GlobalSection(SolutionConfigurationPlatforms) = preSolution
		Debug|Any CPU = Debug|Any CPU
		Release|Any CPU = Release|Any CPU
	EndGlobalSection
	GlobalSection(ProjectConfigurationPlatforms) = postSolution
		{DE9CC2D6-0A3F-47C2-B14A-7C2C85212794}.Debug|Any CPU.ActiveCfg = Debug|Any CPU
		{DE9CC2D6-0A3F-47C2-B14A-7C2C85212794}.Debug|Any CPU.Build.0 = Debug|Any CPU
		{DE9CC2D6-0A3F-47C2-B14A-7C2C85212794}.Release|Any CPU.ActiveCfg = Release|Any CPU
		{DE9CC2D6-0A3F-47C2-B14A-7C2C85212794}.Release|Any CPU.Build.0 = Release|Any CPU
	EndGlobalSection
	GlobalSection(SolutionProperties) = preSolution
		HideSolutionNode = FALSE
	EndGlobalSection
	GlobalSection(ExtensibilityGlobals) = postSolution
		SolutionGuid = {7D36EFE4-8E9E-4C4D-A050-C974D2BB40EA}
	EndGlobalSection
EndGlobal
