
Microsoft Visual Studio Solution File, Format Version 12.00
# Visual Studio 15
VisualStudioVersion = 15.0.28307.1022
MinimumVisualStudioVersion = 10.0.40219.1
Project("{FAE04EC0-301F-11D3-BF4B-00C04F79EFBC}") = "437. Path Sum III", "437. Path Sum III\437. Path Sum III.csproj", "{99393CC0-98D3-47E2-9B6B-9516759DCFBF}"
EndProject
Global
	GlobalSection(SolutionConfigurationPlatforms) = preSolution
		Debug|Any CPU = Debug|Any CPU
		Release|Any CPU = Release|Any CPU
	EndGlobalSection
	GlobalSection(ProjectConfigurationPlatforms) = postSolution
		{99393CC0-98D3-47E2-9B6B-9516759DCFBF}.Debug|Any CPU.ActiveCfg = Debug|Any CPU
		{99393CC0-98D3-47E2-9B6B-9516759DCFBF}.Debug|Any CPU.Build.0 = Debug|Any CPU
		{99393CC0-98D3-47E2-9B6B-9516759DCFBF}.Release|Any CPU.ActiveCfg = Release|Any CPU
		{99393CC0-98D3-47E2-9B6B-9516759DCFBF}.Release|Any CPU.Build.0 = Release|Any CPU
	EndGlobalSection
	GlobalSection(SolutionProperties) = preSolution
		HideSolutionNode = FALSE
	EndGlobalSection
	GlobalSection(ExtensibilityGlobals) = postSolution
		SolutionGuid = {0095C843-CEEE-4614-A2F0-164DCD5655B8}
	EndGlobalSection
EndGlobal
