
Microsoft Visual Studio Solution File, Format Version 12.00
# Visual Studio Version 16
VisualStudioVersion = 16.0.30114.105
MinimumVisualStudioVersion = 10.0.40219.1
Project("{FAE04EC0-301F-11D3-BF4B-00C04F79EFBC}") = "213. House Robber II", "213. House Robber II\213. House Robber II.csproj", "{62ED689A-64CF-485A-8E2B-DE9840639379}"
EndProject
Global
	GlobalSection(SolutionConfigurationPlatforms) = preSolution
		Debug|Any CPU = Debug|Any CPU
		Release|Any CPU = Release|Any CPU
	EndGlobalSection
	GlobalSection(ProjectConfigurationPlatforms) = postSolution
		{62ED689A-64CF-485A-8E2B-DE9840639379}.Debug|Any CPU.ActiveCfg = Debug|Any CPU
		{62ED689A-64CF-485A-8E2B-DE9840639379}.Debug|Any CPU.Build.0 = Debug|Any CPU
		{62ED689A-64CF-485A-8E2B-DE9840639379}.Release|Any CPU.ActiveCfg = Release|Any CPU
		{62ED689A-64CF-485A-8E2B-DE9840639379}.Release|Any CPU.Build.0 = Release|Any CPU
	EndGlobalSection
	GlobalSection(SolutionProperties) = preSolution
		HideSolutionNode = FALSE
	EndGlobalSection
	GlobalSection(ExtensibilityGlobals) = postSolution
		SolutionGuid = {D72375EA-0AD7-422E-82F7-5367746B6E05}
	EndGlobalSection
EndGlobal
