
Microsoft Visual Studio Solution File, Format Version 12.00
# Visual Studio Version 16
VisualStudioVersion = 16.0.30114.105
MinimumVisualStudioVersion = 10.0.40219.1
Project("{FAE04EC0-301F-11D3-BF4B-00C04F79EFBC}") = "187. Repeated DNA Sequences", "187. Repeated DNA Sequences\187. Repeated DNA Sequences.csproj", "{DDD930F1-83FD-432D-A13D-2AC07F9F82BC}"
EndProject
Global
	GlobalSection(SolutionConfigurationPlatforms) = preSolution
		Debug|Any CPU = Debug|Any CPU
		Release|Any CPU = Release|Any CPU
	EndGlobalSection
	GlobalSection(ProjectConfigurationPlatforms) = postSolution
		{DDD930F1-83FD-432D-A13D-2AC07F9F82BC}.Debug|Any CPU.ActiveCfg = Debug|Any CPU
		{DDD930F1-83FD-432D-A13D-2AC07F9F82BC}.Debug|Any CPU.Build.0 = Debug|Any CPU
		{DDD930F1-83FD-432D-A13D-2AC07F9F82BC}.Release|Any CPU.ActiveCfg = Release|Any CPU
		{DDD930F1-83FD-432D-A13D-2AC07F9F82BC}.Release|Any CPU.Build.0 = Release|Any CPU
	EndGlobalSection
	GlobalSection(SolutionProperties) = preSolution
		HideSolutionNode = FALSE
	EndGlobalSection
	GlobalSection(ExtensibilityGlobals) = postSolution
		SolutionGuid = {E21CA74A-B870-464A-81DE-06BA4C4E4203}
	EndGlobalSection
EndGlobal
