
Microsoft Visual Studio Solution File, Format Version 12.00
# Visual Studio 15
VisualStudioVersion = 15.0.28307.1022
MinimumVisualStudioVersion = 10.0.40219.1
Project("{FAE04EC0-301F-11D3-BF4B-00C04F79EFBC}") = "96. Unique Binary Search Trees", "96. Unique Binary Search Trees\96. Unique Binary Search Trees.csproj", "{16D03A5B-7117-4EAB-914B-87744D27EF93}"
EndProject
Global
	GlobalSection(SolutionConfigurationPlatforms) = preSolution
		Debug|Any CPU = Debug|Any CPU
		Release|Any CPU = Release|Any CPU
	EndGlobalSection
	GlobalSection(ProjectConfigurationPlatforms) = postSolution
		{16D03A5B-7117-4EAB-914B-87744D27EF93}.Debug|Any CPU.ActiveCfg = Debug|Any CPU
		{16D03A5B-7117-4EAB-914B-87744D27EF93}.Debug|Any CPU.Build.0 = Debug|Any CPU
		{16D03A5B-7117-4EAB-914B-87744D27EF93}.Release|Any CPU.ActiveCfg = Release|Any CPU
		{16D03A5B-7117-4EAB-914B-87744D27EF93}.Release|Any CPU.Build.0 = Release|Any CPU
	EndGlobalSection
	GlobalSection(SolutionProperties) = preSolution
		HideSolutionNode = FALSE
	EndGlobalSection
	GlobalSection(ExtensibilityGlobals) = postSolution
		SolutionGuid = {47CFA74B-2687-4C6A-9A2D-C1AA94D3BE2A}
	EndGlobalSection
EndGlobal
