
Microsoft Visual Studio Solution File, Format Version 12.00
# Visual Studio 15
VisualStudioVersion = 15.0.28307.1022
MinimumVisualStudioVersion = 10.0.40219.1
Project("{FAE04EC0-301F-11D3-BF4B-00C04F79EFBC}") = "103. Binary Tree Zigzag Level Order Traversal", "103. Binary Tree Zigzag Level Order Traversal\103. Binary Tree Zigzag Level Order Traversal.csproj", "{EEC07853-4EFF-44DF-8BF6-E4C59E57F4EB}"
EndProject
Global
	GlobalSection(SolutionConfigurationPlatforms) = preSolution
		Debug|Any CPU = Debug|Any CPU
		Release|Any CPU = Release|Any CPU
	EndGlobalSection
	GlobalSection(ProjectConfigurationPlatforms) = postSolution
		{EEC07853-4EFF-44DF-8BF6-E4C59E57F4EB}.Debug|Any CPU.ActiveCfg = Debug|Any CPU
		{EEC07853-4EFF-44DF-8BF6-E4C59E57F4EB}.Debug|Any CPU.Build.0 = Debug|Any CPU
		{EEC07853-4EFF-44DF-8BF6-E4C59E57F4EB}.Release|Any CPU.ActiveCfg = Release|Any CPU
		{EEC07853-4EFF-44DF-8BF6-E4C59E57F4EB}.Release|Any CPU.Build.0 = Release|Any CPU
	EndGlobalSection
	GlobalSection(SolutionProperties) = preSolution
		HideSolutionNode = FALSE
	EndGlobalSection
	GlobalSection(ExtensibilityGlobals) = postSolution
		SolutionGuid = {E9872250-4FA5-4FA3-9A10-C667E1D72F44}
	EndGlobalSection
EndGlobal
