
Microsoft Visual Studio Solution File, Format Version 12.00
# Visual Studio 15
VisualStudioVersion = 15.0.28307.1022
MinimumVisualStudioVersion = 10.0.40219.1
Project("{FAE04EC0-301F-11D3-BF4B-00C04F79EFBC}") = "536. Construct Binary Tree from String", "536. Construct Binary Tree from String\536. Construct Binary Tree from String.csproj", "{F5EE66BA-B94D-450D-BDF9-C99FB643A458}"
EndProject
Global
	GlobalSection(SolutionConfigurationPlatforms) = preSolution
		Debug|Any CPU = Debug|Any CPU
		Release|Any CPU = Release|Any CPU
	EndGlobalSection
	GlobalSection(ProjectConfigurationPlatforms) = postSolution
		{F5EE66BA-B94D-450D-BDF9-C99FB643A458}.Debug|Any CPU.ActiveCfg = Debug|Any CPU
		{F5EE66BA-B94D-450D-BDF9-C99FB643A458}.Debug|Any CPU.Build.0 = Debug|Any CPU
		{F5EE66BA-B94D-450D-BDF9-C99FB643A458}.Release|Any CPU.ActiveCfg = Release|Any CPU
		{F5EE66BA-B94D-450D-BDF9-C99FB643A458}.Release|Any CPU.Build.0 = Release|Any CPU
	EndGlobalSection
	GlobalSection(SolutionProperties) = preSolution
		HideSolutionNode = FALSE
	EndGlobalSection
	GlobalSection(ExtensibilityGlobals) = postSolution
		SolutionGuid = {AFAC7985-379F-4B00-9E77-053167C92842}
	EndGlobalSection
EndGlobal
