
Microsoft Visual Studio Solution File, Format Version 12.00
# Visual Studio 15
VisualStudioVersion = 15.0.28307.1022
MinimumVisualStudioVersion = 10.0.40219.1
Project("{FAE04EC0-301F-11D3-BF4B-00C04F79EFBC}") = "989. Add to Array-Form of Integer", "989. Add to Array-Form of Integer\989. Add to Array-Form of Integer.csproj", "{09570B6B-E27F-44DB-844A-C319F326CD85}"
EndProject
Global
	GlobalSection(SolutionConfigurationPlatforms) = preSolution
		Debug|Any CPU = Debug|Any CPU
		Release|Any CPU = Release|Any CPU
	EndGlobalSection
	GlobalSection(ProjectConfigurationPlatforms) = postSolution
		{09570B6B-E27F-44DB-844A-C319F326CD85}.Debug|Any CPU.ActiveCfg = Debug|Any CPU
		{09570B6B-E27F-44DB-844A-C319F326CD85}.Debug|Any CPU.Build.0 = Debug|Any CPU
		{09570B6B-E27F-44DB-844A-C319F326CD85}.Release|Any CPU.ActiveCfg = Release|Any CPU
		{09570B6B-E27F-44DB-844A-C319F326CD85}.Release|Any CPU.Build.0 = Release|Any CPU
	EndGlobalSection
	GlobalSection(SolutionProperties) = preSolution
		HideSolutionNode = FALSE
	EndGlobalSection
	GlobalSection(ExtensibilityGlobals) = postSolution
		SolutionGuid = {115CE2DE-F0BC-42AC-B4C9-C14A00369519}
	EndGlobalSection
EndGlobal
