
Microsoft Visual Studio Solution File, Format Version 12.00
# Visual Studio 15
VisualStudioVersion = 15.0.28307.1022
MinimumVisualStudioVersion = 10.0.40219.1
Project("{FAE04EC0-301F-11D3-BF4B-00C04F79EFBC}") = "Merge Sorted Array", "Merge Sorted Array\Merge Sorted Array.csproj", "{F40D1C20-74E9-43FA-8F60-6A5BB7687921}"
EndProject
Global
	GlobalSection(SolutionConfigurationPlatforms) = preSolution
		Debug|Any CPU = Debug|Any CPU
		Release|Any CPU = Release|Any CPU
	EndGlobalSection
	GlobalSection(ProjectConfigurationPlatforms) = postSolution
		{F40D1C20-74E9-43FA-8F60-6A5BB7687921}.Debug|Any CPU.ActiveCfg = Debug|Any CPU
		{F40D1C20-74E9-43FA-8F60-6A5BB7687921}.Debug|Any CPU.Build.0 = Debug|Any CPU
		{F40D1C20-74E9-43FA-8F60-6A5BB7687921}.Release|Any CPU.ActiveCfg = Release|Any CPU
		{F40D1C20-74E9-43FA-8F60-6A5BB7687921}.Release|Any CPU.Build.0 = Release|Any CPU
	EndGlobalSection
	GlobalSection(SolutionProperties) = preSolution
		HideSolutionNode = FALSE
	EndGlobalSection
	GlobalSection(ExtensibilityGlobals) = postSolution
		SolutionGuid = {5E00046F-DA20-459D-96ED-5AD7FCC3B0E8}
	EndGlobalSection
EndGlobal
