
Microsoft Visual Studio Solution File, Format Version 12.00
# Visual Studio 15
VisualStudioVersion = 15.0.28307.1022
MinimumVisualStudioVersion = 10.0.40219.1
Project("{FAE04EC0-301F-11D3-BF4B-00C04F79EFBC}") = "628. Maximum Product of Three Numbers", "628. Maximum Product of Three Numbers\628. Maximum Product of Three Numbers.csproj", "{89111987-F911-40D6-826B-1AD0EFCB4083}"
EndProject
Global
	GlobalSection(SolutionConfigurationPlatforms) = preSolution
		Debug|Any CPU = Debug|Any CPU
		Release|Any CPU = Release|Any CPU
	EndGlobalSection
	GlobalSection(ProjectConfigurationPlatforms) = postSolution
		{89111987-F911-40D6-826B-1AD0EFCB4083}.Debug|Any CPU.ActiveCfg = Debug|Any CPU
		{89111987-F911-40D6-826B-1AD0EFCB4083}.Debug|Any CPU.Build.0 = Debug|Any CPU
		{89111987-F911-40D6-826B-1AD0EFCB4083}.Release|Any CPU.ActiveCfg = Release|Any CPU
		{89111987-F911-40D6-826B-1AD0EFCB4083}.Release|Any CPU.Build.0 = Release|Any CPU
	EndGlobalSection
	GlobalSection(SolutionProperties) = preSolution
		HideSolutionNode = FALSE
	EndGlobalSection
	GlobalSection(ExtensibilityGlobals) = postSolution
		SolutionGuid = {35B2F1D8-160A-4680-883B-F889C99C0002}
	EndGlobalSection
EndGlobal
