
Microsoft Visual Studio Solution File, Format Version 12.00
# Visual Studio 15
VisualStudioVersion = 15.0.28307.1022
MinimumVisualStudioVersion = 10.0.40219.1
Project("{FAE04EC0-301F-11D3-BF4B-00C04F79EFBC}") = "394. Decode String", "394. Decode String\394. Decode String.csproj", "{B2B89C1B-44CA-4FAB-A4B3-8F9E7ACFE07B}"
EndProject
Global
	GlobalSection(SolutionConfigurationPlatforms) = preSolution
		Debug|Any CPU = Debug|Any CPU
		Release|Any CPU = Release|Any CPU
	EndGlobalSection
	GlobalSection(ProjectConfigurationPlatforms) = postSolution
		{B2B89C1B-44CA-4FAB-A4B3-8F9E7ACFE07B}.Debug|Any CPU.ActiveCfg = Debug|Any CPU
		{B2B89C1B-44CA-4FAB-A4B3-8F9E7ACFE07B}.Debug|Any CPU.Build.0 = Debug|Any CPU
		{B2B89C1B-44CA-4FAB-A4B3-8F9E7ACFE07B}.Release|Any CPU.ActiveCfg = Release|Any CPU
		{B2B89C1B-44CA-4FAB-A4B3-8F9E7ACFE07B}.Release|Any CPU.Build.0 = Release|Any CPU
	EndGlobalSection
	GlobalSection(SolutionProperties) = preSolution
		HideSolutionNode = FALSE
	EndGlobalSection
	GlobalSection(ExtensibilityGlobals) = postSolution
		SolutionGuid = {221A8F32-0B71-4FAD-88F5-B93BABAD1513}
	EndGlobalSection
EndGlobal
