
Microsoft Visual Studio Solution File, Format Version 12.00
# Visual Studio 15
VisualStudioVersion = 15.0.28307.1022
MinimumVisualStudioVersion = 10.0.40219.1
Project("{FAE04EC0-301F-11D3-BF4B-00C04F79EFBC}") = "819. Most Common Word", "819. Most Common Word\819. Most Common Word.csproj", "{8AA74AE0-FE7E-455C-A7E4-1E0B38C890AE}"
EndProject
Global
	GlobalSection(SolutionConfigurationPlatforms) = preSolution
		Debug|Any CPU = Debug|Any CPU
		Release|Any CPU = Release|Any CPU
	EndGlobalSection
	GlobalSection(ProjectConfigurationPlatforms) = postSolution
		{8AA74AE0-FE7E-455C-A7E4-1E0B38C890AE}.Debug|Any CPU.ActiveCfg = Debug|Any CPU
		{8AA74AE0-FE7E-455C-A7E4-1E0B38C890AE}.Debug|Any CPU.Build.0 = Debug|Any CPU
		{8AA74AE0-FE7E-455C-A7E4-1E0B38C890AE}.Release|Any CPU.ActiveCfg = Release|Any CPU
		{8AA74AE0-FE7E-455C-A7E4-1E0B38C890AE}.Release|Any CPU.Build.0 = Release|Any CPU
	EndGlobalSection
	GlobalSection(SolutionProperties) = preSolution
		HideSolutionNode = FALSE
	EndGlobalSection
	GlobalSection(ExtensibilityGlobals) = postSolution
		SolutionGuid = {0F0B6143-8275-47D1-9601-66EF076442D8}
	EndGlobalSection
EndGlobal
