
Microsoft Visual Studio Solution File, Format Version 12.00
# Visual Studio 15
VisualStudioVersion = 15.0.28307.1022
MinimumVisualStudioVersion = 10.0.40219.1
Project("{FAE04EC0-301F-11D3-BF4B-00C04F79EFBC}") = "82. Remove Duplicates from Sorted List II", "82. Remove Duplicates from Sorted List II\82. Remove Duplicates from Sorted List II.csproj", "{7332C01B-EF5C-448B-B444-919CA234743E}"
EndProject
Global
	GlobalSection(SolutionConfigurationPlatforms) = preSolution
		Debug|Any CPU = Debug|Any CPU
		Release|Any CPU = Release|Any CPU
	EndGlobalSection
	GlobalSection(ProjectConfigurationPlatforms) = postSolution
		{7332C01B-EF5C-448B-B444-919CA234743E}.Debug|Any CPU.ActiveCfg = Debug|Any CPU
		{7332C01B-EF5C-448B-B444-919CA234743E}.Debug|Any CPU.Build.0 = Debug|Any CPU
		{7332C01B-EF5C-448B-B444-919CA234743E}.Release|Any CPU.ActiveCfg = Release|Any CPU
		{7332C01B-EF5C-448B-B444-919CA234743E}.Release|Any CPU.Build.0 = Release|Any CPU
	EndGlobalSection
	GlobalSection(SolutionProperties) = preSolution
		HideSolutionNode = FALSE
	EndGlobalSection
	GlobalSection(ExtensibilityGlobals) = postSolution
		SolutionGuid = {9FCD1EB5-F36B-49E2-AC34-B8CBC1EECC31}
	EndGlobalSection
EndGlobal
